lockfileVersion: '9.0'

settings:
  autoInstallPeers: true
  excludeLinksFromLockfile: false

importers:

  .:
    dependencies:
      '@babel/parser':
        specifier: ^8.0.0
        version: 8.0.0
      '@swc/core':
        specifier: ^1.15.43
        version: 1.15.43
      acorn:
        specifier: ^8.17.0
        version: 8.17.0
      chart.js:
        specifier: ^4.5.1
        version: 4.5.1
      chartjs-node-canvas:
        specifier: ^5.0.0
        version: 5.0.0(chart.js@4.5.1)
      oxc-parser:
        specifier: ^0.140.0
        version: 0.140.0
      tinybench:
        specifier: ^6.0.2
        version: 6.0.2
      typescript:
        specifier: ^6.0.3
        version: 6.0.3
      yuku-parser:
        specifier: ^0.5.42
        version: 0.5.42
    devDependencies:
      '@types/node':
        specifier: ^26.0.0
        version: 26.0.0
      '@typescript/native-preview':
        specifier: ^7.0.0-dev.20260624.1
        version: 7.0.0-dev.20260624.1

packages:

  '@babel/helper-string-parser@8.0.0':
    resolution: {integrity: sha512-6mJgmFFFIIO82vvoLt9XtRC7/TkzXfts1t/SpRX4IHSzMgqoPYCWesVu1udUPUWioAE/2fcG6WuI8zrkE1gwrg==}
    engines: {node: ^22.18.0 || >=24.11.0}

  '@babel/helper-validator-identifier@8.0.2':
    resolution: {integrity: sha512-9Fr9QeyCAyi1BR1jKZ6uYQ24EIhQUx5ReHfQU7drOE+TPOb+w11/dsqLkMOT2U29OdCT71XajrOT8xDc1C7orA==}
    engines: {node: ^22.18.0 || >=24.11.0}

  '@babel/parser@8.0.0':
    resolution: {integrity: sha512-aLxAE+imI9bCcyaPrUDjBv3uSkWieifjLe0kuFOZF0zli0L6GCsTmsePnTr55adbIAgYz2zhN1vnFimCBUYcRQ==}
    engines: {node: ^22.18.0 || >=24.11.0}
    hasBin: true

  '@babel/types@8.0.0':
    resolution: {integrity: sha512-K8ponJDxBwDHigkeFqaqT5wLGl4bTlwMafR8k7b5CPxr6Ww+UG9ls8Yx6Tcpboxu97eeGVEEyKcHmEyOwN1vSw==}
    engines: {node: ^22.18.0 || >=24.11.0}

  '@emnapi/core@1.11.2':
    resolution: {integrity: sha512-TC8MkTuZUtcTSiFeuC0ksCh9QIJ5+F21MvZ4Wn4ORfYaFJ/0dsiudv5tVkejgwZlwQ39jL9WWDe2lz8x0WglOA==}

  '@emnapi/runtime@1.11.2':
    resolution: {integrity: sha512-kyOl3X0DuTiT1h2ft8r2fYO8JYtU9a9Xis/zBSiGArNaagCOWx90N1k2wxp18czFDH+OgcWGb5ZP/XMt3dcyPA==}

  '@emnapi/wasi-threads@1.2.2':
    resolution: {integrity: sha512-c95qOXkHdydNKhscBTebqEC1CVAZpyqOfVfBzQ1qgzyl3gfeldUjIggDbIZgDKsHLgnsM+igH7TJ/eAasaVuMA==}

  '@kurkle/color@0.3.4':
    resolution: {integrity: sha512-M5UknZPHRu3DEDWoipU6sE8PdkZ6Z/S+v4dD+Ke8IaNlpdSQah50lz1KtcFBa2vsdOnwbbnxJwVM4wty6udA5w==}

  '@napi-rs/wasm-runtime@1.1.6':
    resolution: {integrity: sha512-ZLv/JdUfkvOy9eCnnBaGfiO+XimbjebAeO+MRQqD/B+FR1tnRN0tpKSJHRbE8sFfS6aqsXZ67TQjfwfsxULVbg==}
    peerDependencies:
      '@emnapi/core': ^1.7.1
      '@emnapi/runtime': ^1.7.1

  '@oxc-parser/binding-android-arm-eabi@0.140.0':
    resolution: {integrity: sha512-ZfjDZ422mo7eo3b3VltqNsV9kmv1qt/sPEAMSl64iOSwhVfd0eIZ9LB79Mbs1xYXJnk7WSROwzBCKDIiVxPTvQ==}
    engines: {node: ^20.19.0 || >=22.12.0}
    cpu: [arm]
    os: [android]

  '@oxc-parser/binding-android-arm64@0.140.0':
    resolution: {integrity: sha512-Ia8jSvikUX6Sf+Ht+KOCUF/k1HpR0VlmqIYymubmWDebOEGtsyliHDR6JxsZ4IX3/c/GbrB1uh09aVGQv/LQmQ==}
    engines: {node: ^20.19.0 || >=22.12.0}
    cpu: [arm64]
    os: [android]

  '@oxc-parser/binding-darwin-arm64@0.140.0':
    resolution: {integrity: sha512-G6VK0nK61pH0d0mBjUqSZbVxGqqO5uzeginLDQj+gOO6ObfJjXRwgkD/ol0w1INcnFeAb6YGGO7qc3ueGHaycQ==}
    engines: {node: ^20.19.0 || >=22.12.0}
    cpu: [arm64]
    os: [darwin]

  '@oxc-parser/binding-darwin-x64@0.140.0':
    resolution: {integrity: sha512-HazBOuZzd2pO1C2uMmp8Gv7mhzMHqKSKDS1OZfcLEvpIcgA+48J92HEtNanVHDIzRD9PRPCV6aS6fkZIWOVl8Q==}
    engines: {node: ^20.19.0 || >=22.12.0}
    cpu: [x64]
    os: [darwin]

  '@oxc-parser/binding-freebsd-x64@0.140.0':
    resolution: {integrity: sha512-9hSUU+HmTUyOe4JzMHxNGgLWNY7rrO+6ShicZwImNJacEAACDMIkuEQQkvXSL+WJN50jaNtLYJv8s4OcBdpyUQ==}
    engines: {node: ^20.19.0 || >=22.12.0}
    cpu: [x64]
    os: [freebsd]

  '@oxc-parser/binding-linux-arm-gnueabihf@0.140.0':
    resolution: {integrity: sha512-RAEuQsYtS0KcDFqN0ABTjyyNlokS91JeuDuoW9tEbG0JTbRNXnpQUdbYc/16JoA6Z/2ALbNrE3KmxtqDiuIjCQ==}
    engines: {node: ^20.19.0 || >=22.12.0}
    cpu: [arm]
    os: [linux]

  '@oxc-parser/binding-linux-arm-musleabihf@0.140.0':
    resolution: {integrity: sha512-c4CkHvPvqfojouredJ0w3e6+jiBq0SbFyhH61kr/zPb/7XsaYTNKQ54vmlSsopfdQbNDX40ZeK9Abs2Qet6wcw==}
    engines: {node: ^20.19.0 || >=22.12.0}
    cpu: [arm]
    os: [linux]

  '@oxc-parser/binding-linux-arm64-gnu@0.140.0':
    resolution: {integrity: sha512-yrjmLj8ixPB25yqvPGr28meGjb+keed7m1GqqY/0uqkhZIoT4t9zmfwUgFEtC33C7dtE+UQ7TU0IaVxf97SWJg==}
    engines: {node: ^20.19.0 || >=22.12.0}
    cpu: [arm64]
    os: [linux]
    libc: [glibc]

  '@oxc-parser/binding-linux-arm64-musl@0.140.0':
    resolution: {integrity: sha512-ggGMQTN8Agwxp2WiLMpdY671dt0qTDJWiWlJeig3HnUwTnerRl0J2JdGVghWBeDcss2D9S2V2Js6dZHEiVabVA==}
    engines: {node: ^20.19.0 || >=22.12.0}
    cpu: [arm64]
    os: [linux]
    libc: [musl]

  '@oxc-parser/binding-linux-ppc64-gnu@0.140.0':
    resolution: {integrity: sha512-IgTs8xYAFgAUGNmR65tIqjlJ8vKgrfXzC515e9goSdfMyKQV4aJpd2pUUudU4u51G64H0/DSEJEXKOraxm9ZCA==}
    engines: {node: ^20.19.0 || >=22.12.0}
    cpu: [ppc64]
    os: [linux]
    libc: [glibc]

  '@oxc-parser/binding-linux-riscv64-gnu@0.140.0':
    resolution: {integrity: sha512-A1x+PMWZmSGaFVOx2YeNTFau8uD+QO14/vLP4GrcuvUPs3+nBkUOjy9Lus86ftHsDojjYMbvBelmKc3F7Rv08g==}
    engines: {node: ^20.19.0 || >=22.12.0}
    cpu: [riscv64]
    os: [linux]
    libc: [glibc]

  '@oxc-parser/binding-linux-riscv64-musl@0.140.0':
    resolution: {integrity: sha512-zBqpfRo2myWPrPo5xUjeZqlnPXPXsX8BcWtWff66/eGRQdbPjhzPgXa/F+AtxT2afUViPxbuDlwscMKzQ5tg+g==}
    engines: {node: ^20.19.0 || >=22.12.0}
    cpu: [riscv64]
    os: [linux]
    libc: [musl]

  '@oxc-parser/binding-linux-s390x-gnu@0.140.0':
    resolution: {integrity: sha512-2M1DPm/8w9I//YzFlFC9qXw+r2tJFh5CYwRlYTq2vUJQS7qoQftEDeCZ8EnN7KHtvSiXvYj8mZI5pR7DpXmcEw==}
    engines: {node: ^20.19.0 || >=22.12.0}
    cpu: [s390x]
    os: [linux]
    libc: [glibc]

  '@oxc-parser/binding-linux-x64-gnu@0.140.0':
    resolution: {integrity: sha512-8aRDbZ/U/jO8N7go1MO72jtbpb4uswV8d7vOkMvt/BPgZiyEYvl1VIWK4ESxZZhnJ4tqwVldgX7dNiP/eB1Jdg==}
    engines: {node: ^20.19.0 || >=22.12.0}
    cpu: [x64]
    os: [linux]
    libc: [glibc]

  '@oxc-parser/binding-linux-x64-musl@0.140.0':
    resolution: {integrity: sha512-xRqpeI8U2sQQS1W5BMWRyMTxtagkuLG2dEWruet5lFsWHTvBth11/TpSaJatHdqVVwHN0q3uuoS9zRsGinq8hg==}
    engines: {node: ^20.19.0 || >=22.12.0}
    cpu: [x64]
    os: [linux]
    libc: [musl]

  '@oxc-parser/binding-openharmony-arm64@0.140.0':
    resolution: {integrity: sha512-GbGRe26MqAKciFRvXeHNQJ6VAHYs9R4miP89sEAncysM3n+f4lnyLWgsa9kklJNpfnxdq2yRoNYHFqwBckVimw==}
    engines: {node: ^20.19.0 || >=22.12.0}
    cpu: [arm64]
    os: [openharmony]

  '@oxc-parser/binding-wasm32-wasi@0.140.0':
    resolution: {integrity: sha512-vFiC1hqys+hkX1GnQkIoiTQJNiUm43Z0lO35ETKXTw0YtpW7+cN58YRRXFAQQ+TgpkIi3lrhcxdlnqz+Oi3ptQ==}
    engines: {node: ^20.19.0 || >=22.12.0}
    cpu: [wasm32]

  '@oxc-parser/binding-win32-arm64-msvc@0.140.0':
    resolution: {integrity: sha512-fGSQldwEYKhM+H8uLt76Op8hh5+FYaR6lvvQ1Txw3Mhn86DyQXLcI0fi1EkFlTK7F+46OCk/j0AJMzZQm6g5Xg==}
    engines: {node: ^20.19.0 || >=22.12.0}
    cpu: [arm64]
    os: [win32]

  '@oxc-parser/binding-win32-ia32-msvc@0.140.0':
    resolution: {integrity: sha512-sDS2Bai+g3ZWYwfZqmosiSuFDBcVnZ3Ta6pszzsiJoLMqsJEWKcxXXbGa7b7yXr++W2lQNPb3ZRJ8czseqL7RA==}
    engines: {node: ^20.19.0 || >=22.12.0}
    cpu: [ia32]
    os: [win32]

  '@oxc-parser/binding-win32-x64-msvc@0.140.0':
    resolution: {integrity: sha512-kHbE1zWyb5OQgJA6/5P4WjiuB01sYdQwtZnSSyE58FQEXDAMnyeeq4vj7KgN75i5SlBzOs8A5MrtlD3gOlDKqQ==}
    engines: {node: ^20.19.0 || >=22.12.0}
    cpu: [x64]
    os: [win32]

  '@oxc-project/types@0.140.0':
    resolution: {integrity: sha512-h5LUOzGArYemnW1NMz/DuuQhBi96J6JL2Bk8zE4kvqxB5Sg3jxmCiH4uyOWHDkiKSt5vWlG4FIwCR/DbstcNRQ==}

  '@swc/core-darwin-arm64@1.15.43':
    resolution: {integrity: sha512-v1aVuvXdo/BHxJzco9V2xpHrvwWmhfS8t6gziY5wJxd+Z2h8AeJRnAwPD8itCDaGXVBwJ/CaKfxEzTkG0Va0OA==}
    engines: {node: '>=10'}
    cpu: [arm64]
    os: [darwin]

  '@swc/core-darwin-x64@1.15.43':
    resolution: {integrity: sha512-lp3d4Lamc8dt5huYdGLSR+9hLxmfr1jb0l+4XXG2zPqZwYWRN9R0U2qYoTrggiU2RWW0oV9VbWM3kBnqIc2kdQ==}
    engines: {node: '>=10'}
    cpu: [x64]
    os: [darwin]

  '@swc/core-linux-arm-gnueabihf@1.15.43':
    resolution: {integrity: sha512-JWTQQELtsG5GgphDrr/XqqmM2pDN3cZqbMS0Mrg+iTiXL3F74sn/S2IyYE/5u4h2KLkTf9qQ7dXyxsbx7YzkeA==}
    engines: {node: '>=10'}
    cpu: [arm]
    os: [linux]

  '@swc/core-linux-arm64-gnu@1.15.43':
    resolution: {integrity: sha512-B4otJRdPWIsmiSBf0uG7Z/+vMWmkufjz5MmYxubwKuZazDW14Zd3symga1N62QR4RT+kEFeHEgsXfZGyn/w0hw==}
    engines: {node: '>=10'}
    cpu: [arm64]
    os: [linux]
    libc: [glibc]

  '@swc/core-linux-arm64-musl@1.15.43':
    resolution: {integrity: sha512-6zB6OnpViBxYy4tgY3v2i6AZY9fwkcHZ032UOwtwUuW1d19sdT07qF0kZe6/3UR1tUaK6jjg2rmVcUIBCEYVjQ==}
    engines: {node: '>=10'}
    cpu: [arm64]
    os: [linux]
    libc: [musl]

  '@swc/core-linux-ppc64-gnu@1.15.43':
    resolution: {integrity: sha512-coxE1ZWdB3uSDVNoEtYNrRi/1epvckZx9cTJ8ICUxTMTxGk+yvQ/Twacp3ruZSaMPGCriUjP86C37VhaT6nyRg==}
    engines: {node: '>=10'}
    cpu: [ppc64]
    os: [linux]
    libc: [glibc]

  '@swc/core-linux-s390x-gnu@1.15.43':
    resolution: {integrity: sha512-lXfLhs+LpBsD5inuYx+YDH5WsPPBQ95KPUiy8P5wq9ob9xKDZFqwNfU2QW6bGO8NqRO/H9JQomTSt5Yyh+FGfA==}
    engines: {node: '>=10'}
    cpu: [s390x]
    os: [linux]
    libc: [glibc]

  '@swc/core-linux-x64-gnu@1.15.43':
    resolution: {integrity: sha512-07XnKwTmKy8TGOZG3D9fRnLWGynxPjwQnZLVmBFbo6F+7vHYzBIOuwXEhemrChBWb6yDNZsVCcMWCPX6FDD2xg==}
    engines: {node: '>=10'}
    cpu: [x64]
    os: [linux]
    libc: [glibc]

  '@swc/core-linux-x64-musl@1.15.43':
    resolution: {integrity: sha512-TJc+bsSIaBh+hZvZ5GRtW/K1bw66TJ9vsUwvVIsZdiWxU5ObLwZvfcnZ3UpgVfMnFibRes9uriJrQNBHEEogRQ==}
    engines: {node: '>=10'}
    cpu: [x64]
    os: [linux]
    libc: [musl]

  '@swc/core-win32-arm64-msvc@1.15.43':
    resolution: {integrity: sha512-jfd7s2/bUQYkOHLs+LWQNKZdmDa8+sufKLllhpWAhVQ2GDCwsHe3vR/j+OSiItZNtkzFuaawa3+SAKz9y5gYfw==}
    engines: {node: '>=10'}
    cpu: [arm64]
    os: [win32]

  '@swc/core-win32-ia32-msvc@1.15.43':
    resolution: {integrity: sha512-rLAE8JvucqEW1ZGohxPQrQWPBQeJG4+ypKbWfdlU/qmKScvCkxf9/Jxnzki1dkUQCQ7P5Enp13RlvqOlvx/32g==}
    engines: {node: '>=10'}
    cpu: [ia32]
    os: [win32]

  '@swc/core-win32-x64-msvc@1.15.43':
    resolution: {integrity: sha512-h8MLDHZcfIukwQWj03rIJZx1I0E81AYj2X7J/nGErG4nz+QAv6G1Z+peotvinL3lqpbo32tLYSMFo32/ySzxKg==}
    engines: {node: '>=10'}
    cpu: [x64]
    os: [win32]

  '@swc/core@1.15.43':
    resolution: {integrity: sha512-1CuKjFkPxIgGdeHVuNbkxmBxkcbdc08u0aiI43pFq6yY1tTVKmXT9hFEooyyKs/sJ3xf1GPHyEwTtk9Xl8dvQw==}
    engines: {node: '>=10'}
    peerDependencies:
      '@swc/helpers': '>=0.5.17'
    peerDependenciesMeta:
      '@swc/helpers':
        optional: true

  '@swc/counter@0.1.3':
    resolution: {integrity: sha512-e2BR4lsJkkRlKZ/qCHPw9ZaSxc0MVUd7gtbtaB7aMvHeJVYe8sOB8DBZkP2DtISHGSku9sCK6T6cnY0CtXrOCQ==}

  '@swc/types@0.1.27':
    resolution: {integrity: sha512-K6h3iUlqeM946U4sXFYeahefR1YBbXJvko+hv8WS8/0BNJ4OHiHRywMnQUJCqkR7Y9+hqQ1TvEpiKqUhz7NEFg==}

  '@tybys/wasm-util@0.10.3':
    resolution: {integrity: sha512-F3fo1MYrRJYL3zER0OUOmkutjr1Vp23m7OsSgp7nq4SP6OqX6C/56XFIPAl5bt3zaBRjmW7SGz3u/6LwFpYcOg==}

  '@types/node@26.0.0':
    resolution: {integrity: sha512-vf2YFi1iY9lHGwNJMs01biZFbKJkrZR1T6/MlzjhJLPdntOHLhTrDSnSVcdtvjihi4VQNlrFRIxLsDBlQpAipA==}

  '@typescript/native-preview-darwin-arm64@7.0.0-dev.20260624.1':
    resolution: {integrity: sha512-g8CqDkYCHTCYdhBHXs5cMraBurOS+KrcMFxE0SsaKZoI6Tnp+le1aWvxUBbzNKJYyThHJqb/1mLopzEJxJCuKA==}
    engines: {node: '>=16.20.0'}
    cpu: [arm64]
    os: [darwin]

  '@typescript/native-preview-darwin-x64@7.0.0-dev.20260624.1':
    resolution: {integrity: sha512-P00JVvSV90eioYDuINAKmOSA8yhFTWLq6RvS5lrCfUuDlcgr2kSOgZAfFHIksHBVz6ZXpAXpa0dHPmc5SJ3Ymw==}
    engines: {node: '>=16.20.0'}
    cpu: [x64]
    os: [darwin]

  '@typescript/native-preview-linux-arm64@7.0.0-dev.20260624.1':
    resolution: {integrity: sha512-cppM2yTZ/Gd1hOXy8NEJcUBxJ0O0zl9CU3OU1ZWZ/OHWWX/ukEzCCr94SUwJhjIWOylBCpIYkrvYoTwxNa94XQ==}
    engines: {node: '>=16.20.0'}
    cpu: [arm64]
    os: [linux]

  '@typescript/native-preview-linux-arm@7.0.0-dev.20260624.1':
    resolution: {integrity: sha512-eWHELvfQMkVRjafMd+3ATgM9p9yAergJaM4AOY8AekCNWnHFwUrp/ohh+ryyMUIqque5jjb/kuTiOiGj728I2Q==}
    engines: {node: '>=16.20.0'}
    cpu: [arm]
    os: [linux]

  '@typescript/native-preview-linux-x64@7.0.0-dev.20260624.1':
    resolution: {integrity: sha512-FaB8rS+rKYz4nDrEsHsF3b4cn7eCKCYroMJReA375OuQ6PHcmCNQ6QlVetA0dfFBxTTgejmoKyfw9xgAA5P4Yw==}
    engines: {node: '>=16.20.0'}
    cpu: [x64]
    os: [linux]

  '@typescript/native-preview-win32-arm64@7.0.0-dev.20260624.1':
    resolution: {integrity: sha512-BgkqbCmSHDb5UxqWaFlFFJ/DHNT3lEUO4W8627ap6+QthJZuXk2imiHAX3PgYXC6en9fLLyR6jjcseAa4CCshg==}
    engines: {node: '>=16.20.0'}
    cpu: [arm64]
    os: [win32]

  '@typescript/native-preview-win32-x64@7.0.0-dev.20260624.1':
    resolution: {integrity: sha512-WaZ+ue63NgB2j/lqjirfevh/TqcsCxSqnKhGGiRnlxHyYIBcoq+x7KngyEnyGIaywJE1PcFeXA+2EMSIPlSEiQ==}
    engines: {node: '>=16.20.0'}
    cpu: [x64]
    os: [win32]

  '@typescript/native-preview@7.0.0-dev.20260624.1':
    resolution: {integrity: sha512-ogwfNo1xuAutOF8RbTCo3Ut0q/65u2ucOeHizi6O14q+3vnelNS+u8qVC2QWXubMcwtuN5E9cbfPslvGC4kdwA==}
    engines: {node: '>=16.20.0'}
    hasBin: true

  '@yuku-parser/binding-darwin-arm64@0.5.42':
    resolution: {integrity: sha512-hWuzLt3qz6fjX+KxbpYIzUQLLqjfCML1WwSlpNS2ci8q+S0++F8L8J+nRmgAgWJ2BvFETLQnOgYjU3InA87uRg==}
    cpu: [arm64]
    os: [darwin]

  '@yuku-parser/binding-darwin-x64@0.5.42':
    resolution: {integrity: sha512-FvYzPxYpasK/Z/XkWzZtl/Y3NFsE8krzlGLG1YfwgYipYHMMDtuxvtDiuR9+8FZR9JK/mxR/8EWp7+RbxHVypw==}
    cpu: [x64]
    os: [darwin]

  '@yuku-parser/binding-freebsd-x64@0.5.42':
    resolution: {integrity: sha512-TrAAppLeQC0M1L2eRWnIckHRkS62nGzcfiSZZew3ujb2p4hwjPiKUeM6sYhM57e/nXvZlD50dB8hdv0KqJoaEw==}
    cpu: [x64]
    os: [freebsd]

  '@yuku-parser/binding-linux-arm-gnu@0.5.42':
    resolution: {integrity: sha512-ZxsZH5Da2MlgTUUXP9v2SwLQtuOFt4oS8Y2prVsqxZnJQzofrEjduevswDX61yZfy1kQnjI0uwpk6lhttNMErQ==}
    cpu: [arm]
    os: [linux]
    libc: [glibc]

  '@yuku-parser/binding-linux-arm-musl@0.5.42':
    resolution: {integrity: sha512-dvpQx3/cefWK+fk0SOf7Eaw2+TXan+Ix66J8Z8Vhp5Svv8LlmB+k6q8o7oEOFOwsxHm1v6UaI/v+STdU23Qasg==}
    cpu: [arm]
    os: [linux]
    libc: [musl]

  '@yuku-parser/binding-linux-arm64-gnu@0.5.42':
    resolution: {integrity: sha512-A+pBzZZpvxPpllRNvyZCbXB75lPcJxAZU+2sIOeCvPCkvg1j1PEMwLURILgymm/OrBDYiscK+NyUhOx5yur/iQ==}
    cpu: [arm64]
    os: [linux]
    libc: [glibc]

  '@yuku-parser/binding-linux-arm64-musl@0.5.42':
    resolution: {integrity: sha512-8WMPzjkyDku8EehpSTez8P51Rh80PooyLBZQ3IJNOXQvhWWMdDKaTkPXrMkKdDFlvRkawyhO3QtsRYZIuWCS7w==}
    cpu: [arm64]
    os: [linux]
    libc: [musl]

  '@yuku-parser/binding-linux-x64-gnu@0.5.42':
    resolution: {integrity: sha512-snCJ83xHORBkkyU4zyFPbhCtjIjJ5KRTcS2IYrZnQicWHkBFn4rZ4SsCD7A8R7Ni9cjQfbva21/QjuhjSIxhUQ==}
    cpu: [x64]
    os: [linux]
    libc: [glibc]

  '@yuku-parser/binding-linux-x64-musl@0.5.42':
    resolution: {integrity: sha512-OqYXXSAsIVBzM4A5qabETWZlMT/D+lvZtbnCYoxwvF7zjPunzE+ZGZuqQLGm/aQy0N64gTZQqLryHf6BRTLQhg==}
    cpu: [x64]
    os: [linux]
    libc: [musl]

  '@yuku-parser/binding-win32-arm64@0.5.42':
    resolution: {integrity: sha512-epCAdc7lWjRqs0637W17mABqD6wIql+Bujb69brt9PZNnrZnJrB+N0LJHekkRYYD8LTCL+dUijqweqwb+xgGXQ==}
    cpu: [arm64]
    os: [win32]

  '@yuku-parser/binding-win32-x64@0.5.42':
    resolution: {integrity: sha512-MXqBnAikszFnl2NvafPyT+3K+uyGcmJ2imnN+q+Iblt9mszBmQeNg9Z78AMJa8HMNFrCl4Mfp0/uvuzHVabIGA==}
    cpu: [x64]
    os: [win32]

  '@yuku-toolchain/types@0.5.41':
    resolution: {integrity: sha512-sQ4SXxHM2k9e6wYNh8Bi6y/npXSY1hALXShF7yqW77qxCcwGuOKgg31MSRYqgp+oKTGvUgjeByd7tdm+dmoF+g==}

  acorn@8.17.0:
    resolution: {integrity: sha512-xRQbDb9BnwDafYNn6Vwl839DYVjqXYb1XVGtWAZ1kcDc6iwAL4hg3B1dZlRiuENFeO2H53gFG3in621AdERVAg==}
    engines: {node: '>=0.4.0'}
    hasBin: true

  base64-js@1.5.1:
    resolution: {integrity: sha512-AKpaYlHn8t4SVbOHCy+b5+KKgvR4vrsD8vbvrbiQJps7fKDTkjkDry6ji0rUJjC0kzbNePLwzxq8iypo41qeWA==}

  bl@4.1.0:
    resolution: {integrity: sha512-1W07cM9gS6DcLperZfFSj+bWLtaPGSOHWhPiGzXmvVJbRLdG82sH/Kn8EtW1VqWVA54AKf2h5k5BbnIbwF3h6w==}

  buffer@5.7.1:
    resolution: {integrity: sha512-EHcyIPBQ4BSGlvjB16k5KgAJ27CIsHY/2JBmCRReo48y9rQ3MaUzWX3KVlBa4U7MyX02HdVj0K7C3WaB3ju7FQ==}

  canvas@3.2.3:
    resolution: {integrity: sha512-PzE5nJZPz72YUAfo8oTp0u3fqqY7IzlTubneAihqDYAUcBk7ryeCmBbdJBEdaH0bptSOe2VT2Zwcb3UaFyaSWw==}
    engines: {node: ^18.12.0 || >= 20.9.0}

  chart.js@4.5.1:
    resolution: {integrity: sha512-GIjfiT9dbmHRiYi6Nl2yFCq7kkwdkp1W/lp2J99rX0yo9tgJGn3lKQATztIjb5tVtevcBtIdICNWqlq5+E8/Pw==}
    engines: {pnpm: '>=8'}

  chartjs-node-canvas@5.0.0:
    resolution: {integrity: sha512-+Lc5phRWjb+UxAIiQpKgvOaG6Mw276YQx2jl2BrxoUtI3A4RYTZuGM5Dq+s4ReYmCY42WEPSR6viF3lDSTxpvw==}
    peerDependencies:
      chart.js: ^4.4.8

  chownr@1.1.4:
    resolution: {integrity: sha512-jJ0bqzaylmJtVnNgzTeSOs8DPavpbYgEr/b0YL8/2GO3xJEhInFmhKMUnEJQjZumK7KXGFhUy89PrsJWlakBVg==}

  decompress-response@6.0.0:
    resolution: {integrity: sha512-aW35yZM6Bb/4oJlZncMH2LCoZtJXTRxES17vE3hoRiowU2kWHaJKFkSBDnDR+cm9J+9QhXmREyIfv0pji9ejCQ==}
    engines: {node: '>=10'}

  deep-extend@0.6.0:
    resolution: {integrity: sha512-LOHxIOaPYdHlJRtCQfDIVZtfw/ufM8+rVj649RIHzcm/vGwQRXFt6OPqIFWsm2XEMrNIEtWR64sY1LEKD2vAOA==}
    engines: {node: '>=4.0.0'}

  detect-libc@2.1.2:
    resolution: {integrity: sha512-Btj2BOOO83o3WyH59e8MgXsxEQVcarkUOpEYrubB0urwnN10yQ364rsiByU11nZlqWYZm05i/of7io4mzihBtQ==}
    engines: {node: '>=8'}

  end-of-stream@1.4.5:
    resolution: {integrity: sha512-ooEGc6HP26xXq/N+GCGOT0JKCLDGrq2bQUZrQ7gyrJiZANJ/8YDTxTpQBXGMn+WbIQXNVpyWymm7KYVICQnyOg==}

  expand-template@2.0.3:
    resolution: {integrity: sha512-XYfuKMvj4O35f/pOXLObndIRvyQ+/+6AhODh+OKWj9S9498pHHn/IMszH+gt0fBCRWMNfk1ZSp5x3AifmnI2vg==}
    engines: {node: '>=6'}

  fs-constants@1.0.0:
    resolution: {integrity: sha512-y6OAwoSIf7FyjMIv94u+b5rdheZEjzR63GTyZJm5qh4Bi+2YgwLCcI/fPFZkL5PSixOt6ZNKm+w+Hfp/Bciwow==}

  github-from-package@0.0.0:
    resolution: {integrity: sha512-SyHy3T1v2NUXn29OsWdxmK6RwHD+vkj3v8en8AOBZ1wBQ/hCAQ5bAQTD02kW4W9tUp/3Qh6J8r9EvntiyCmOOw==}

  ieee754@1.2.1:
    resolution: {integrity: sha512-dcyqhDvX1C46lXZcVqCpK+FtMRQVdIMN6/Df5js2zouUsqG7I6sFxitIC+7KYK29KdXOLHdu9zL4sFnoVQnqaA==}

  inherits@2.0.4:
    resolution: {integrity: sha512-k/vGaX4/Yla3WzyMCvTQOXYeIHvqOKtnqBduzTHpzpQZzAskKMhZ2K+EnBiSM9zGSoIFeMpXKxa4dYeZIQqewQ==}

  ini@1.3.8:
    resolution: {integrity: sha512-JV/yugV2uzW5iMRSiZAyDtQd+nxtUnjeLt0acNdw98kKLrvuRVyB80tsREOE7yvGVgalhZ6RNXCmEHkUKBKxew==}

  mimic-response@3.1.0:
    resolution: {integrity: sha512-z0yWI+4FDrrweS8Zmt4Ej5HdJmky15+L2e6Wgn3+iK5fWzb6T3fhNFq2+MeTRb064c6Wr4N/wv0DzQTjNzHNGQ==}
    engines: {node: '>=10'}

  minimist@1.2.8:
    resolution: {integrity: sha512-2yyAR8qBkN3YuheJanUpWC5U3bb5osDywNB8RzDVlDwDHbocAJveqqj1u8+SVD7jkWT4yvsHCpWqqWqAxb0zCA==}

  mkdirp-classic@0.5.3:
    resolution: {integrity: sha512-gKLcREMhtuZRwRAfqP3RFW+TK4JqApVBtOIftVgjuABpAtpxhPGaDcfvbhNvD0B8iD1oUr/txX35NjcaY6Ns/A==}

  napi-build-utils@2.0.0:
    resolution: {integrity: sha512-GEbrYkbfF7MoNaoh2iGG84Mnf/WZfB0GdGEsM8wz7Expx/LlWf5U8t9nvJKXSp3qr5IsEbK04cBGhol/KwOsWA==}

  node-abi@3.92.0:
    resolution: {integrity: sha512-KdHvFWZjEKDf0cakgFjebl371GPsISX2oZHcuyKqM7DtogIsHrqKeLTo8wBHxaXRAQlY2PsPlZmfo+9ZCxEREQ==}
    engines: {node: '>=10'}

  node-addon-api@7.1.1:
    resolution: {integrity: sha512-5m3bsyrjFWE1xf7nz7YXdN4udnVtXK6/Yfgn5qnahL6bCkf2yKt4k3nuTKAtT4r3IG8JNR2ncsIMdZuAzJjHQQ==}

  once@1.4.0:
    resolution: {integrity: sha512-lNaJgI+2Q5URQBkccEKHTQOPaXdUxnZZElQTZY0MFUAuaEqe1E+Nyvgdz/aIyNi6Z9MzO5dv1H8n58/GELp3+w==}

  oxc-parser@0.140.0:
    resolution: {integrity: sha512-h6QFWd6lBMfjESqgQ27GjzrSDb0qbznp7VDQqp2zvgsrWut4vcchyMIzOVXvGQ2GMZgKw9RWrFNWv9WqGL0p7Q==}
    engines: {node: ^20.19.0 || >=22.12.0}

  prebuild-install@7.1.3:
    resolution: {integrity: sha512-8Mf2cbV7x1cXPUILADGI3wuhfqWvtiLA1iclTDbFRZkgRQS0NqsPZphna9V+HyTEadheuPmjaJMsbzKQFOzLug==}
    engines: {node: '>=10'}
    deprecated: No longer maintained. Please contact the author of the relevant native addon; alternatives are available.
    hasBin: true

  pump@3.0.4:
    resolution: {integrity: sha512-VS7sjc6KR7e1ukRFhQSY5LM2uBWAUPiOPa/A3mkKmiMwSmRFUITt0xuj+/lesgnCv+dPIEYlkzrcyXgquIHMcA==}

  rc@1.2.8:
    resolution: {integrity: sha512-y3bGgqKj3QBdxLbLkomlohkvsA8gdAiUQlSBJnBhfn+BPxg4bc62d8TcBW15wavDfgexCgccckhcZvywyQYPOw==}
    hasBin: true

  readable-stream@3.6.2:
    resolution: {integrity: sha512-9u/sniCrY3D5WdsERHzHE4G2YCXqoG5FTHUiCC4SIbr6XcLZBY05ya9EKjYek9O5xOAwjGq+1JdGBAS7Q9ScoA==}
    engines: {node: '>= 6'}

  safe-buffer@5.2.1:
    resolution: {integrity: sha512-rp3So07KcdmmKbGvgaNxQSJr7bGVSVk5S9Eq1F+ppbRo70+YeaDxkw5Dd8NPN+GD6bjnYm2VuPuCXmpuYvmCXQ==}

  semver@7.8.0:
    resolution: {integrity: sha512-AcM7dV/5ul4EekoQ29Agm5vri8JNqRyj39o0qpX6vDF2GZrtutZl5RwgD1XnZjiTAfncsJhMI48QQH3sN87YNA==}
    engines: {node: '>=10'}
    hasBin: true

  simple-concat@1.0.1:
    resolution: {integrity: sha512-cSFtAPtRhljv69IK0hTVZQ+OfE9nePi/rtJmw5UjHeVyVroEqJXP1sFztKUy1qU+xvz3u/sfYJLa947b7nAN2Q==}

  simple-get@4.0.1:
    resolution: {integrity: sha512-brv7p5WgH0jmQJr1ZDDfKDOSeWWg+OVypG99A/5vYGPqJ6pxiaHLy8nxtFjBA7oMa01ebA9gfh1uMCFqOuXxvA==}

  string_decoder@1.3.0:
    resolution: {integrity: sha512-hkRX8U1WjJFd8LsDJ2yQ/wWWxaopEsABU1XfkM8A+j0+85JAGppt16cr1Whg6KIbb4okU6Mql6BOj+uup/wKeA==}

  strip-json-comments@2.0.1:
    resolution: {integrity: sha512-4gB8na07fecVVkOI6Rs4e7T6NOTki5EmL7TUduTs6bu3EdnSycntVJ4re8kgZA+wx9IueI2Y11bfbgwtzuE0KQ==}
    engines: {node: '>=0.10.0'}

  tar-fs@2.1.4:
    resolution: {integrity: sha512-mDAjwmZdh7LTT6pNleZ05Yt65HC3E+NiQzl672vQG38jIrehtJk/J3mNwIg+vShQPcLF/LV7CMnDW6vjj6sfYQ==}

  tar-stream@2.2.0:
    resolution: {integrity: sha512-ujeqbceABgwMZxEJnk2HDY2DlnUZ+9oEcb1KzTVfYHio0UE6dG71n60d8D2I4qNvleWrrXpmjpt7vZeF1LnMZQ==}
    engines: {node: '>=6'}

  tinybench@6.0.2:
    resolution: {integrity: sha512-FlHoQpcFvCzeXK5kVPvV7IVgW/hs/B36QWTz876iSdeJguBDfdTSRQmYmaHX+fQNt4hp+gEFB2XXw+8hT4/y8A==}
    engines: {node: '>=20.0.0'}

  tslib@2.8.1:
    resolution: {integrity: sha512-oJFu94HQb+KVduSUQL7wnpmqnfmLsOA/nAh6b6EH0wCEoK0/mPeXU6c3wKDV83MkOuHPRHtSXKKU99IBazS/2w==}

  tunnel-agent@0.6.0:
    resolution: {integrity: sha512-McnNiV1l8RYeY8tBgEpuodCC1mLUdbSN+CYBL7kJsJNInOP8UjDDEwdk6Mw60vdLLrr5NHKZhMAOSrR2NZuQ+w==}

  typescript@6.0.3:
    resolution: {integrity: sha512-y2TvuxSZPDyQakkFRPZHKFm+KKVqIisdg9/CZwm9ftvKXLP8NRWj38/ODjNbr43SsoXqNuAisEf1GdCxqWcdBw==}
    engines: {node: '>=14.17'}
    hasBin: true

  undici-types@8.3.0:
    resolution: {integrity: sha512-j375ScV60dom+YkPFIfTLcOiPxkN/buHz5GobjLhixFuANaNs3C9l4GmrWqejgXWJ7BbJcFYpTEUkS1Ge8bpZQ==}

  util-deprecate@1.0.2:
    resolution: {integrity: sha512-EPD5q1uXyFxJpCrLnCc1nHnq3gOa6DZBocAIiI2TaSCA7VCJ1UJDMagCzIkXNsUYfD1daK//LTEQ8xiIbrHtcw==}

  wrappy@1.0.2:
    resolution: {integrity: sha512-l4Sp/DRseor9wL6EvV2+TuQn63dMkPjZ/sp9XkghTEbV9KlPS1xUsZ3u7/IQO4wxtcFB4bgpQPRcR3QCvezPcQ==}

  yuku-parser@0.5.42:
    resolution: {integrity: sha512-PQ0vExxu8QqIcF2Wpkc447PkyefgaMfypf6GliVnFkTXd2+48quXBv1m5I7qdKt3YFAtW1Oj14XV8OfwwoabOA==}

snapshots:

  '@babel/helper-string-parser@8.0.0': {}

  '@babel/helper-validator-identifier@8.0.2': {}

  '@babel/parser@8.0.0':
    dependencies:
      '@babel/types': 8.0.0

  '@babel/types@8.0.0':
    dependencies:
      '@babel/helper-string-parser': 8.0.0
      '@babel/helper-validator-identifier': 8.0.2

  '@emnapi/core@1.11.2':
    dependencies:
      '@emnapi/wasi-threads': 1.2.2
      tslib: 2.8.1
    optional: true

  '@emnapi/runtime@1.11.2':
    dependencies:
      tslib: 2.8.1
    optional: true

  '@emnapi/wasi-threads@1.2.2':
    dependencies:
      tslib: 2.8.1
    optional: true

  '@kurkle/color@0.3.4': {}

  '@napi-rs/wasm-runtime@1.1.6(@emnapi/core@1.11.2)(@emnapi/runtime@1.11.2)':
    dependencies:
      '@emnapi/core': 1.11.2
      '@emnapi/runtime': 1.11.2
      '@tybys/wasm-util': 0.10.3
    optional: true

  '@oxc-parser/binding-android-arm-eabi@0.140.0':
    optional: true

  '@oxc-parser/binding-android-arm64@0.140.0':
    optional: true

  '@oxc-parser/binding-darwin-arm64@0.140.0':
    optional: true

  '@oxc-parser/binding-darwin-x64@0.140.0':
    optional: true

  '@oxc-parser/binding-freebsd-x64@0.140.0':
    optional: true

  '@oxc-parser/binding-linux-arm-gnueabihf@0.140.0':
    optional: true

  '@oxc-parser/binding-linux-arm-musleabihf@0.140.0':
    optional: true

  '@oxc-parser/binding-linux-arm64-gnu@0.140.0':
    optional: true

  '@oxc-parser/binding-linux-arm64-musl@0.140.0':
    optional: true

  '@oxc-parser/binding-linux-ppc64-gnu@0.140.0':
    optional: true

  '@oxc-parser/binding-linux-riscv64-gnu@0.140.0':
    optional: true

  '@oxc-parser/binding-linux-riscv64-musl@0.140.0':
    optional: true

  '@oxc-parser/binding-linux-s390x-gnu@0.140.0':
    optional: true

  '@oxc-parser/binding-linux-x64-gnu@0.140.0':
    optional: true

  '@oxc-parser/binding-linux-x64-musl@0.140.0':
    optional: true

  '@oxc-parser/binding-openharmony-arm64@0.140.0':
    optional: true

  '@oxc-parser/binding-wasm32-wasi@0.140.0':
    dependencies:
      '@emnapi/core': 1.11.2
      '@emnapi/runtime': 1.11.2
      '@napi-rs/wasm-runtime': 1.1.6(@emnapi/core@1.11.2)(@emnapi/runtime@1.11.2)
    optional: true

  '@oxc-parser/binding-win32-arm64-msvc@0.140.0':
    optional: true

  '@oxc-parser/binding-win32-ia32-msvc@0.140.0':
    optional: true

  '@oxc-parser/binding-win32-x64-msvc@0.140.0':
    optional: true

  '@oxc-project/types@0.140.0': {}

  '@swc/core-darwin-arm64@1.15.43':
    optional: true

  '@swc/core-darwin-x64@1.15.43':
    optional: true

  '@swc/core-linux-arm-gnueabihf@1.15.43':
    optional: true

  '@swc/core-linux-arm64-gnu@1.15.43':
    optional: true

  '@swc/core-linux-arm64-musl@1.15.43':
    optional: true

  '@swc/core-linux-ppc64-gnu@1.15.43':
    optional: true

  '@swc/core-linux-s390x-gnu@1.15.43':
    optional: true

  '@swc/core-linux-x64-gnu@1.15.43':
    optional: true

  '@swc/core-linux-x64-musl@1.15.43':
    optional: true

  '@swc/core-win32-arm64-msvc@1.15.43':
    optional: true

  '@swc/core-win32-ia32-msvc@1.15.43':
    optional: true

  '@swc/core-win32-x64-msvc@1.15.43':
    optional: true

  '@swc/core@1.15.43':
    dependencies:
      '@swc/counter': 0.1.3
      '@swc/types': 0.1.27
    optionalDependencies:
      '@swc/core-darwin-arm64': 1.15.43
      '@swc/core-darwin-x64': 1.15.43
      '@swc/core-linux-arm-gnueabihf': 1.15.43
      '@swc/core-linux-arm64-gnu': 1.15.43
      '@swc/core-linux-arm64-musl': 1.15.43
      '@swc/core-linux-ppc64-gnu': 1.15.43
      '@swc/core-linux-s390x-gnu': 1.15.43
      '@swc/core-linux-x64-gnu': 1.15.43
      '@swc/core-linux-x64-musl': 1.15.43
      '@swc/core-win32-arm64-msvc': 1.15.43
      '@swc/core-win32-ia32-msvc': 1.15.43
      '@swc/core-win32-x64-msvc': 1.15.43

  '@swc/counter@0.1.3': {}

  '@swc/types@0.1.27':
    dependencies:
      '@swc/counter': 0.1.3

  '@tybys/wasm-util@0.10.3':
    dependencies:
      tslib: 2.8.1
    optional: true

  '@types/node@26.0.0':
    dependencies:
      undici-types: 8.3.0

  '@typescript/native-preview-darwin-arm64@7.0.0-dev.20260624.1':
    optional: true

  '@typescript/native-preview-darwin-x64@7.0.0-dev.20260624.1':
    optional: true

  '@typescript/native-preview-linux-arm64@7.0.0-dev.20260624.1':
    optional: true

  '@typescript/native-preview-linux-arm@7.0.0-dev.20260624.1':
    optional: true

  '@typescript/native-preview-linux-x64@7.0.0-dev.20260624.1':
    optional: true

  '@typescript/native-preview-win32-arm64@7.0.0-dev.20260624.1':
    optional: true

  '@typescript/native-preview-win32-x64@7.0.0-dev.20260624.1':
    optional: true

  '@typescript/native-preview@7.0.0-dev.20260624.1':
    optionalDependencies:
      '@typescript/native-preview-darwin-arm64': 7.0.0-dev.20260624.1
      '@typescript/native-preview-darwin-x64': 7.0.0-dev.20260624.1
      '@typescript/native-preview-linux-arm': 7.0.0-dev.20260624.1
      '@typescript/native-preview-linux-arm64': 7.0.0-dev.20260624.1
      '@typescript/native-preview-linux-x64': 7.0.0-dev.20260624.1
      '@typescript/native-preview-win32-arm64': 7.0.0-dev.20260624.1
      '@typescript/native-preview-win32-x64': 7.0.0-dev.20260624.1

  '@yuku-parser/binding-darwin-arm64@0.5.42':
    optional: true

  '@yuku-parser/binding-darwin-x64@0.5.42':
    optional: true

  '@yuku-parser/binding-freebsd-x64@0.5.42':
    optional: true

  '@yuku-parser/binding-linux-arm-gnu@0.5.42':
    optional: true

  '@yuku-parser/binding-linux-arm-musl@0.5.42':
    optional: true

  '@yuku-parser/binding-linux-arm64-gnu@0.5.42':
    optional: true

  '@yuku-parser/binding-linux-arm64-musl@0.5.42':
    optional: true

  '@yuku-parser/binding-linux-x64-gnu@0.5.42':
    optional: true

  '@yuku-parser/binding-linux-x64-musl@0.5.42':
    optional: true

  '@yuku-parser/binding-win32-arm64@0.5.42':
    optional: true

  '@yuku-parser/binding-win32-x64@0.5.42':
    optional: true

  '@yuku-toolchain/types@0.5.41': {}

  acorn@8.17.0: {}

  base64-js@1.5.1: {}

  bl@4.1.0:
    dependencies:
      buffer: 5.7.1
      inherits: 2.0.4
      readable-stream: 3.6.2

  buffer@5.7.1:
    dependencies:
      base64-js: 1.5.1
      ieee754: 1.2.1

  canvas@3.2.3:
    dependencies:
      node-addon-api: 7.1.1
      prebuild-install: 7.1.3

  chart.js@4.5.1:
    dependencies:
      '@kurkle/color': 0.3.4

  chartjs-node-canvas@5.0.0(chart.js@4.5.1):
    dependencies:
      canvas: 3.2.3
      chart.js: 4.5.1
      tslib: 2.8.1

  chownr@1.1.4: {}

  decompress-response@6.0.0:
    dependencies:
      mimic-response: 3.1.0

  deep-extend@0.6.0: {}

  detect-libc@2.1.2: {}

  end-of-stream@1.4.5:
    dependencies:
      once: 1.4.0

  expand-template@2.0.3: {}

  fs-constants@1.0.0: {}

  github-from-package@0.0.0: {}

  ieee754@1.2.1: {}

  inherits@2.0.4: {}

  ini@1.3.8: {}

  mimic-response@3.1.0: {}

  minimist@1.2.8: {}

  mkdirp-classic@0.5.3: {}

  napi-build-utils@2.0.0: {}

  node-abi@3.92.0:
    dependencies:
      semver: 7.8.0

  node-addon-api@7.1.1: {}

  once@1.4.0:
    dependencies:
      wrappy: 1.0.2

  oxc-parser@0.140.0:
    dependencies:
      '@oxc-project/types': 0.140.0
    optionalDependencies:
      '@oxc-parser/binding-android-arm-eabi': 0.140.0
      '@oxc-parser/binding-android-arm64': 0.140.0
      '@oxc-parser/binding-darwin-arm64': 0.140.0
      '@oxc-parser/binding-darwin-x64': 0.140.0
      '@oxc-parser/binding-freebsd-x64': 0.140.0
      '@oxc-parser/binding-linux-arm-gnueabihf': 0.140.0
      '@oxc-parser/binding-linux-arm-musleabihf': 0.140.0
      '@oxc-parser/binding-linux-arm64-gnu': 0.140.0
      '@oxc-parser/binding-linux-arm64-musl': 0.140.0
      '@oxc-parser/binding-linux-ppc64-gnu': 0.140.0
      '@oxc-parser/binding-linux-riscv64-gnu': 0.140.0
      '@oxc-parser/binding-linux-riscv64-musl': 0.140.0
      '@oxc-parser/binding-linux-s390x-gnu': 0.140.0
      '@oxc-parser/binding-linux-x64-gnu': 0.140.0
      '@oxc-parser/binding-linux-x64-musl': 0.140.0
      '@oxc-parser/binding-openharmony-arm64': 0.140.0
      '@oxc-parser/binding-wasm32-wasi': 0.140.0
      '@oxc-parser/binding-win32-arm64-msvc': 0.140.0
      '@oxc-parser/binding-win32-ia32-msvc': 0.140.0
      '@oxc-parser/binding-win32-x64-msvc': 0.140.0

  prebuild-install@7.1.3:
    dependencies:
      detect-libc: 2.1.2
      expand-template: 2.0.3
      github-from-package: 0.0.0
      minimist: 1.2.8
      mkdirp-classic: 0.5.3
      napi-build-utils: 2.0.0
      node-abi: 3.92.0
      pump: 3.0.4
      rc: 1.2.8
      simple-get: 4.0.1
      tar-fs: 2.1.4
      tunnel-agent: 0.6.0

  pump@3.0.4:
    dependencies:
      end-of-stream: 1.4.5
      once: 1.4.0

  rc@1.2.8:
    dependencies:
      deep-extend: 0.6.0
      ini: 1.3.8
      minimist: 1.2.8
      strip-json-comments: 2.0.1

  readable-stream@3.6.2:
    dependencies:
      inherits: 2.0.4
      string_decoder: 1.3.0
      util-deprecate: 1.0.2

  safe-buffer@5.2.1: {}

  semver@7.8.0: {}

  simple-concat@1.0.1: {}

  simple-get@4.0.1:
    dependencies:
      decompress-response: 6.0.0
      once: 1.4.0
      simple-concat: 1.0.1

  string_decoder@1.3.0:
    dependencies:
      safe-buffer: 5.2.1

  strip-json-comments@2.0.1: {}

  tar-fs@2.1.4:
    dependencies:
      chownr: 1.1.4
      mkdirp-classic: 0.5.3
      pump: 3.0.4
      tar-stream: 2.2.0

  tar-stream@2.2.0:
    dependencies:
      bl: 4.1.0
      end-of-stream: 1.4.5
      fs-constants: 1.0.0
      inherits: 2.0.4
      readable-stream: 3.6.2

  tinybench@6.0.2: {}

  tslib@2.8.1: {}

  tunnel-agent@0.6.0:
    dependencies:
      safe-buffer: 5.2.1

  typescript@6.0.3: {}

  undici-types@8.3.0: {}

  util-deprecate@1.0.2: {}

  wrappy@1.0.2: {}

  yuku-parser@0.5.42:
    dependencies:
      '@yuku-toolchain/types': 0.5.41
    optionalDependencies:
      '@yuku-parser/binding-darwin-arm64': 0.5.42
      '@yuku-parser/binding-darwin-x64': 0.5.42
      '@yuku-parser/binding-freebsd-x64': 0.5.42
      '@yuku-parser/binding-linux-arm-gnu': 0.5.42
      '@yuku-parser/binding-linux-arm-musl': 0.5.42
      '@yuku-parser/binding-linux-arm64-gnu': 0.5.42
      '@yuku-parser/binding-linux-arm64-musl': 0.5.42
      '@yuku-parser/binding-linux-x64-gnu': 0.5.42
      '@yuku-parser/binding-linux-x64-musl': 0.5.42
      '@yuku-parser/binding-win32-arm64': 0.5.42
      '@yuku-parser/binding-win32-x64': 0.5.42
