lockfileVersion: '9.0'

settings:
  autoInstallPeers: true
  excludeLinksFromLockfile: false

importers:

  .:
    dependencies:
      '@babel/parser':
        specifier: ^8.0.4
        version: 8.0.6
      '@swc/core':
        specifier: ^1.15.46
        version: 1.16.13
      acorn:
        specifier: ^8.17.0
        version: 8.18.0
      chart.js:
        specifier: ^4.5.1
        version: 4.5.1
      chartjs-node-canvas:
        specifier: ^5.0.0
        version: 5.0.0(chart.js@4.5.1)
      oxc-parser:
        specifier: ^0.145.0
        version: 0.145.0
      tinybench:
        specifier: ^6.0.2
        version: 6.2.0
      typescript:
        specifier: ^6.0.3 || ^7.0.0
        version: 6.0.3
      yuku-parser:
        specifier: ^0.15.0
        version: 0.15.1
    devDependencies:
      '@types/node':
        specifier: ^26.1.1
        version: 26.1.1
      '@typescript/native-preview':
        specifier: 7.0.0-dev.20260707.2
        version: 7.0.0-dev.20260707.2

packages:

  '@babel/helper-string-parser@8.0.6':
    resolution: {integrity: sha512-+6HYEBnsDRZHJtUTAEfMQd0zMDqdFHS7C+5vAsEZqBUr3vEMWOWlHJ0Jz1gS8jJIlCvLsuA6ivmeoqzH936YcA==}
    engines: {node: ^22.18.0 || >=24.11.0}

  '@babel/helper-validator-identifier@8.0.6':
    resolution: {integrity: sha512-HYx0YmuchRxRSpnjvcNffnPS8DCauKNmnumIuHG3jnQAVewRA7kfJGwF13ayEpSZs7s4R/oBH4eppuXcAQd5JQ==}
    engines: {node: ^22.18.0 || >=24.11.0}

  '@babel/parser@8.0.6':
    resolution: {integrity: sha512-LpGDIYJAzc3Y3PT9x+FxBrGYu2PlWxLmyN7SwPTzaX0LSwEmFJBsRnPBqmaXF2r1v+Zhz6lNiEJ+7yKtM5+Ugg==}
    engines: {node: ^22.18.0 || >=24.11.0}
    hasBin: true

  '@babel/types@8.0.6':
    resolution: {integrity: sha512-c+xgSWboV2pdwXP67BUWDVRHi2BO5Q3KwxyFVs7taVTY+fsK47/L51ZXQoV9rozHJDNHvJ4v4WEsI/IlxV2l2A==}
    engines: {node: ^22.18.0 || >=24.11.0}

  '@kurkle/color@0.3.4':
    resolution: {integrity: sha512-M5UknZPHRu3DEDWoipU6sE8PdkZ6Z/S+v4dD+Ke8IaNlpdSQah50lz1KtcFBa2vsdOnwbbnxJwVM4wty6udA5w==}

  '@oxc-parser/binding-android-arm-eabi@0.145.0':
    resolution: {integrity: sha512-3CBAqOv61gR/n/t13hr681uFHYm0dQu3bbsEJtsMWYtLCQ8lSYjuJCIlroD4fbI0wz44jpjw3N+L7CwBCzYHyg==}
    engines: {node: ^20.19.0 || >=22.12.0}
    cpu: [arm]
    os: [android]

  '@oxc-parser/binding-android-arm64@0.145.0':
    resolution: {integrity: sha512-VOinEGxVMIWI+67MJw+MKmaLDC6X3D4dNDLKJX4fidJ7sO0hsevYHaKBCqLozbg9Ny+1yb25yagJMQAw1U/jQA==}
    engines: {node: ^20.19.0 || >=22.12.0}
    cpu: [arm64]
    os: [android]

  '@oxc-parser/binding-darwin-arm64@0.145.0':
    resolution: {integrity: sha512-es9sOpZM3cdbXqqLHZ+5PF+6AyKnd2Z6gVJGvmXraX9jGz249Sb1V/Lf42UEuQPZsjp5iXMntxO4fWqHMJ2nRg==}
    engines: {node: ^20.19.0 || >=22.12.0}
    cpu: [arm64]
    os: [darwin]

  '@oxc-parser/binding-darwin-x64@0.145.0':
    resolution: {integrity: sha512-grIPJYT5aTB3IUp7iZz2grzzUQaTnnwIrb81tMWdFTzkCQQcnz0mWrXXEMWxSWidYp4a+DzI7ApLBEDuw2Xyhw==}
    engines: {node: ^20.19.0 || >=22.12.0}
    cpu: [x64]
    os: [darwin]

  '@oxc-parser/binding-freebsd-x64@0.145.0':
    resolution: {integrity: sha512-NimvYhXzF5QNIN42C1W339UNHYr5ESub4Th362q2u9NkSiGZ2X9exUshdmyRbIVIlZzo+29HIivhebkWY5g0SQ==}
    engines: {node: ^20.19.0 || >=22.12.0}
    cpu: [x64]
    os: [freebsd]

  '@oxc-parser/binding-linux-arm-gnueabihf@0.145.0':
    resolution: {integrity: sha512-697j9HvY/HwfhPESnNop7qUBjyoJKl8Q9YrHQgcGhFcoQbcelxAgVSRVv5b3a9lndvjQ6KcV0oFrKzXqLYA6xg==}
    engines: {node: ^20.19.0 || >=22.12.0}
    cpu: [arm]
    os: [linux]

  '@oxc-parser/binding-linux-arm-musleabihf@0.145.0':
    resolution: {integrity: sha512-gnKpdjlnPet71TY18hLs29f0lQmt5dFig6w/hEhaUljGJSTri8n5In6CTgHnF2UFG9oiBXfqnf9pHUUrJpO5cQ==}
    engines: {node: ^20.19.0 || >=22.12.0}
    cpu: [arm]
    os: [linux]

  '@oxc-parser/binding-linux-arm64-gnu@0.145.0':
    resolution: {integrity: sha512-2NCBH6l3J2k4YQIYZzcGNZq7J0+/kub//5+cXWTdhtc6UW47mGHpogVm7fwPhHU+Bw7iw9SBm5V0qlGFj6ZY7w==}
    engines: {node: ^20.19.0 || >=22.12.0}
    cpu: [arm64]
    os: [linux]
    libc: [glibc]

  '@oxc-parser/binding-linux-arm64-musl@0.145.0':
    resolution: {integrity: sha512-ih5NUVKrWOZN54DLGhP0YyCF2NjXl7stGiK73+xI4baFv2fL7n3K5BrUAjVDi/w73kCnwS3pJ/V/X8n027n/Yw==}
    engines: {node: ^20.19.0 || >=22.12.0}
    cpu: [arm64]
    os: [linux]
    libc: [musl]

  '@oxc-parser/binding-linux-ppc64-gnu@0.145.0':
    resolution: {integrity: sha512-pLOsK77bB2T0Qu+slW/kRI3zLfBAnbbfubGlzN5GROMbrzt8axAtx+0MZcGRuRX7LNDYzqM+ZeBLQbfYUg4rzQ==}
    engines: {node: ^20.19.0 || >=22.12.0}
    cpu: [ppc64]
    os: [linux]
    libc: [glibc]

  '@oxc-parser/binding-linux-riscv64-gnu@0.145.0':
    resolution: {integrity: sha512-dbS9FC4ziuyNNyFErVM6+bREi2+CbqUA7/xrOajcgnNUeX9QTsleQbOUJ2P6lCoT483H0ikg+gND4unNrygS9g==}
    engines: {node: ^20.19.0 || >=22.12.0}
    cpu: [riscv64]
    os: [linux]
    libc: [glibc]

  '@oxc-parser/binding-linux-riscv64-musl@0.145.0':
    resolution: {integrity: sha512-GtmdBGsNi+yCvxiJ4Bnrpo8+azePTedFqghDRtvKucyAGXZhqmuPRbqTHacfTGo1ukgFFqrzNlFxtXUnYjUjPA==}
    engines: {node: ^20.19.0 || >=22.12.0}
    cpu: [riscv64]
    os: [linux]
    libc: [musl]

  '@oxc-parser/binding-linux-s390x-gnu@0.145.0':
    resolution: {integrity: sha512-U5uJHvwWbDV+DvVugJRA/JkKTmikONTBDtDLFNFQTfEQOBVMs6itFiBGM3IxFIJr0/uVlIKMTDQSireOQLXvpg==}
    engines: {node: ^20.19.0 || >=22.12.0}
    cpu: [s390x]
    os: [linux]
    libc: [glibc]

  '@oxc-parser/binding-linux-x64-gnu@0.145.0':
    resolution: {integrity: sha512-hz3a08R2fWvj/oGmNeQ9Us9AUfyYLagbNMh7nwdBbL/JAK88gu8i3hZg/Zv5xU4EdrFjiFXGmadLOFcZk/AlvA==}
    engines: {node: ^20.19.0 || >=22.12.0}
    cpu: [x64]
    os: [linux]
    libc: [glibc]

  '@oxc-parser/binding-linux-x64-musl@0.145.0':
    resolution: {integrity: sha512-im2ckBQcAnIN0qiGUOPuftIqmehwXSRx9q8Bb8gaFvjxoLI1lmW7bUABcr0YixVUae0j23+qiy/3g8DYr0Iqpg==}
    engines: {node: ^20.19.0 || >=22.12.0}
    cpu: [x64]
    os: [linux]
    libc: [musl]

  '@oxc-parser/binding-openharmony-arm64@0.145.0':
    resolution: {integrity: sha512-Ban4OInSMDkvzkaoROeg3AJVrYrlqjDA/GfJuLg0QL0MCVixj1WBy5lELiBxvHSTHR9KDo/0MzKZeHWeZ9cW0w==}
    engines: {node: ^20.19.0 || >=22.12.0}
    cpu: [arm64]
    os: [openharmony]

  '@oxc-parser/binding-win32-arm64-msvc@0.145.0':
    resolution: {integrity: sha512-mbTsMQKGpbdhjtaJUwhLyjoWRb0iIyIWuaguYQbS7IYsSo6KeRJQ3pb2P/9ZYYoQB9pV1oY/nD0SXTGFcfgIOA==}
    engines: {node: ^20.19.0 || >=22.12.0}
    cpu: [arm64]
    os: [win32]

  '@oxc-parser/binding-win32-ia32-msvc@0.145.0':
    resolution: {integrity: sha512-syaw++GhlFT4aJ9yaYgNKxUVAfE4cnP5Wk3iy9d3lLNwzWmmgXTb6sqQrcwVUq3Tv4RXAOZvr33bVe7C28G2Vg==}
    engines: {node: ^20.19.0 || >=22.12.0}
    cpu: [ia32]
    os: [win32]

  '@oxc-parser/binding-win32-x64-msvc@0.145.0':
    resolution: {integrity: sha512-dIZyXCxsOLILtDYeUGtiHN8GqgaT3J5FsuGI57YqWJg7EDZWBT+oFH2N+AjYMasupru3zy5K3ttCxxAF2Cscjg==}
    engines: {node: ^20.19.0 || >=22.12.0}
    cpu: [x64]
    os: [win32]

  '@oxc-project/types@0.145.0':
    resolution: {integrity: sha512-/UDI/xghp0wUJfvBu0fXIkn5nrDZCdesXo++ElC8UpDjzdFhB13k8XPXyMaSihaWPwgvdQXiJjRshVkaPEtaIQ==}

  '@swc/core-darwin-arm64@1.16.13':
    resolution: {integrity: sha512-JrMH2h7ohd4mOIneNRx/diqTmCDSdWfp9uOdQ8VJ2V2CA7jOJ1jWb+qp8RoZLqgiVmwDDC7eySKB1kbvZ+jVXQ==}
    engines: {node: '>=10'}
    cpu: [arm64]
    os: [darwin]

  '@swc/core-darwin-x64@1.16.13':
    resolution: {integrity: sha512-HauZMRxpOImRxgY6GXjw5gbD8ts2NcPZuLMM8htY8Mic7j1Izt/lxkXrKYUwqyU56YLwQZ4dHRT+6jFHkztcag==}
    engines: {node: '>=10'}
    cpu: [x64]
    os: [darwin]

  '@swc/core-linux-arm-gnueabihf@1.16.13':
    resolution: {integrity: sha512-tUSojGIythnHJKrElDM9OvuhBnK+FF39eM9iIBgj9kdfbAm6PhAM7dKbaSDcnX2gOLG2slkasjD0Z8m/YUlzOA==}
    engines: {node: '>=10'}
    cpu: [arm]
    os: [linux]

  '@swc/core-linux-arm64-gnu@1.16.13':
    resolution: {integrity: sha512-qS3bk/ezRrLXGn1b764S/EG3/oKj6uRhnTNRAALpnuu8d9I0YwSiUkQghnX7lOH9X/yRr+qrFI3R0wAruO47Tg==}
    engines: {node: '>=10'}
    cpu: [arm64]
    os: [linux]
    libc: [glibc]

  '@swc/core-linux-arm64-musl@1.16.13':
    resolution: {integrity: sha512-aeoYoG6fQsOS3mFOuTKvnJo1aaaxYNI0aRRlhdHaGP4q1YQx4XOc5Hkd35IFduWCBG3eZl3fPTjRuYvxpl7eTA==}
    engines: {node: '>=10'}
    cpu: [arm64]
    os: [linux]
    libc: [musl]

  '@swc/core-linux-ppc64-gnu@1.16.13':
    resolution: {integrity: sha512-eEFoueZXWZ2S1lsqL8Ve2C8RjhzH9+Ktj8U4IGTUQL6CNG04+VhQiYQWJOf5xfVBU6I+PbH80yvsYegqZOOSZQ==}
    engines: {node: '>=10'}
    cpu: [ppc64]
    os: [linux]
    libc: [glibc]

  '@swc/core-linux-s390x-gnu@1.16.13':
    resolution: {integrity: sha512-K0q1ReVXL3d5bzBgZxS+yJq5q2xRjg4k2XXGj9yiCEpE5ZqJGQ4Gtk1sRrk8W2lo3KY0DCJD3Myt6x2SMvGArQ==}
    engines: {node: '>=10'}
    cpu: [s390x]
    os: [linux]
    libc: [glibc]

  '@swc/core-linux-x64-gnu@1.16.13':
    resolution: {integrity: sha512-Qvpihw30irhIjy2f91BR1pamcJBCgf8hmr9XWenztAX1YLkneRkkTB/PFGWQubhaBqQhY2uZKViMj/xV61uMBQ==}
    engines: {node: '>=10'}
    cpu: [x64]
    os: [linux]
    libc: [glibc]

  '@swc/core-linux-x64-musl@1.16.13':
    resolution: {integrity: sha512-iCGxHbh3Cq5vqRvCPlw3XkkDz4RlkPSyQwfFKbOKTMj5tiEuojY/rLmf4BMfI9Z8yPJTf9VB07t3NbKInoC97g==}
    engines: {node: '>=10'}
    cpu: [x64]
    os: [linux]
    libc: [musl]

  '@swc/core-win32-arm64-msvc@1.16.13':
    resolution: {integrity: sha512-iOabn6cd+hg3cnoKlAC8j3Yufv8nQHBVU5OIDX8dCPA95PjAZ0B0TlDn9sWivk8ezo/cLJux7p9n0B9vRej+1Q==}
    engines: {node: '>=10'}
    cpu: [arm64]
    os: [win32]

  '@swc/core-win32-ia32-msvc@1.16.13':
    resolution: {integrity: sha512-+1b/3xBNuVbpnJIZUCAaSdscOPYRWq85eohKx44y/3qbPp56UMiCJWBiWtyr7K5F1nf1JENXm2IBSEJaLgWq6Q==}
    engines: {node: '>=10'}
    cpu: [ia32]
    os: [win32]

  '@swc/core-win32-x64-msvc@1.16.13':
    resolution: {integrity: sha512-6kEJhYshk7OVoVIWryiHqjCNuwZeOlPTS6et+bKV/WhtHs8fLA01wyTLrQGi+4ultgRe/o0M4b25K/KKdvl0dQ==}
    engines: {node: '>=10'}
    cpu: [x64]
    os: [win32]

  '@swc/core@1.16.13':
    resolution: {integrity: sha512-k4uUsIMS0IwOKVsrQs48IZK75O4roV3FnuJEdL7ES+DFESftdgvz73QBqN3VUAbUmUr78We4tzG0kgYj36M22Q==}
    engines: {node: '>=10'}
    peerDependencies:
      '@swc/helpers': '>=0.5.17'
    peerDependenciesMeta:
      '@swc/helpers':
        optional: true

  '@swc/counter@0.1.3':
    resolution: {integrity: sha512-e2BR4lsJkkRlKZ/qCHPw9ZaSxc0MVUd7gtbtaB7aMvHeJVYe8sOB8DBZkP2DtISHGSku9sCK6T6cnY0CtXrOCQ==}

  '@swc/types@0.1.28':
    resolution: {integrity: sha512-V6Mnml8v09QALx6K0elJ7o9K/MkVDtW3t6L+7Ou/JcWtb3xwId2AH4FeOceySd2JaO87IMw4+6vSZxLm34LPbw==}

  '@types/node@26.1.1':
    resolution: {integrity: sha512-nxAkRSVkN1Y0JC1W8ky/fTfkGsMmcrRsbx+3XoZE+rMOX71kLYTV7fLXpqud1GpbpP5TuffXFqfX7fH2GgZREw==}

  '@typescript/native-preview-darwin-arm64@7.0.0-dev.20260707.2':
    resolution: {integrity: sha512-wny2pgKjGbiZtnOIHVa3tXC1UfDqxNEFzyPGmiqybedG8hipG2Nfp0l5UxbaKCjkLacUpH/W5bP2hBOMVhCOzg==}
    engines: {node: '>=16.20.0'}
    cpu: [arm64]
    os: [darwin]

  '@typescript/native-preview-darwin-x64@7.0.0-dev.20260707.2':
    resolution: {integrity: sha512-Afc7M5zOwo+GpfcYwz5Z8HMB2tPVsui7nNIqEuuFB73MPdVqNn/Wmpe4tP4MRri0AtJnJknoHBaTJ/VDAp/Jhw==}
    engines: {node: '>=16.20.0'}
    cpu: [x64]
    os: [darwin]

  '@typescript/native-preview-linux-arm64@7.0.0-dev.20260707.2':
    resolution: {integrity: sha512-iITBa2WjjTI5N9t5l7Z4KoOSI+2zBlhbvFzsD/f8qX8QoKjz/Y4DPyBDgezYi8nkqjjksbgSOJ3/ykzhwrB9cg==}
    engines: {node: '>=16.20.0'}
    cpu: [arm64]
    os: [linux]

  '@typescript/native-preview-linux-arm@7.0.0-dev.20260707.2':
    resolution: {integrity: sha512-hJm/UOqZTr9FHmR7uNm8VGX4oKtfWk0Jem0zPeJFNC8ckGUfSBueyiEYMZB+XmRc1aG4x1E46y3CplP4CLHvGQ==}
    engines: {node: '>=16.20.0'}
    cpu: [arm]
    os: [linux]

  '@typescript/native-preview-linux-x64@7.0.0-dev.20260707.2':
    resolution: {integrity: sha512-du0dzi6y97Po5vDNdPJTyyijHCpaS22JLRnKZEJXBDaO9gCIymOv/5QQokFRuOlQm0bWl3i9PF4OVdGP6uAOQA==}
    engines: {node: '>=16.20.0'}
    cpu: [x64]
    os: [linux]

  '@typescript/native-preview-win32-arm64@7.0.0-dev.20260707.2':
    resolution: {integrity: sha512-SsAwfhyHJ1akgBc+99z4+hwdbHsdWaKB8EwCNIMA6JfSLMeUjffrYvxu+vfMyxVtOVOz7RrRXRoiDiu4a2sCtg==}
    engines: {node: '>=16.20.0'}
    cpu: [arm64]
    os: [win32]

  '@typescript/native-preview-win32-x64@7.0.0-dev.20260707.2':
    resolution: {integrity: sha512-DL4u27stv0fo71sVhOzHSwE+YMZsbBijVI+kg5dLDLilSH79WFTJ8RSQ46vJrCMt+Gjlv/JOZP1PuLJDfioYeQ==}
    engines: {node: '>=16.20.0'}
    cpu: [x64]
    os: [win32]

  '@typescript/native-preview@7.0.0-dev.20260707.2':
    resolution: {integrity: sha512-oUGp+Rep/hqMhPunyinsALUwSlzHINSxitifPiSaeqoKOKD2OlR9NE3TaPqwsl4NlGslsOSUXI1JotWQzpYCPg==}
    engines: {node: '>=16.20.0'}
    hasBin: true

  '@yuku-engine/binding-android-arm64@0.15.1':
    resolution: {integrity: sha512-aYinEwnVcKIM1NGwSWm31yX4i/P2pSRmynYqjF/OXjcZrp8ihwary9sApszvVyFDnuD69iEnIER7VYVBmgz7EQ==}
    cpu: [arm64]
    os: [android]
    deprecated: Renamed to @yuku-core/binding-android-arm64

  '@yuku-engine/binding-darwin-arm64@0.15.1':
    resolution: {integrity: sha512-bG5b+PQVC00/iOM38hXTj9lt3NYEUFb9Xxfsfe1LDbm2D0zoQjbMM2PLSwDYy8yp7LiIy9C1HJAcDLG0oBMUSw==}
    cpu: [arm64]
    os: [darwin]
    deprecated: Renamed to @yuku-core/binding-darwin-arm64

  '@yuku-engine/binding-darwin-x64@0.15.1':
    resolution: {integrity: sha512-o80BMzVU2eAcZd12hVTlxKq3si6db5Kg8Q0wX9uJQImH+iGE+fCWgbUx8j3K0JfYfsacjtDF7BLtXZGeAQB07A==}
    cpu: [x64]
    os: [darwin]
    deprecated: Renamed to @yuku-core/binding-darwin-x64

  '@yuku-engine/binding-freebsd-x64@0.15.1':
    resolution: {integrity: sha512-sgvb1I57dzx0iexWPiTZ8neGjRZZanwmViOe/zmm1BEfz2FiNdu7RedOC0j96bC1ZvuktND/6VfvQLPUNr4pLQ==}
    cpu: [x64]
    os: [freebsd]
    deprecated: Renamed to @yuku-core/binding-freebsd-x64

  '@yuku-engine/binding-linux-arm-gnu@0.15.1':
    resolution: {integrity: sha512-Db7ULUvNXxbmxfY/7DMxJzE43NpCUg6s3mBV7zNJKy/+vORNQQ4JywjpEh4Yc/tsKfTMyRGABvcqr+z8KURKRw==}
    cpu: [arm]
    os: [linux]
    libc: [glibc]
    deprecated: Renamed to @yuku-core/binding-linux-arm-gnu

  '@yuku-engine/binding-linux-arm-musl@0.15.1':
    resolution: {integrity: sha512-oPcslHzWAgFBpZWPCal0AGoMcjfXT/KkRrcBlVXT8g/HstHXwLdkcOX+w+PqPJ5ZqbmA761yeuZLjtdCNZuzIA==}
    cpu: [arm]
    os: [linux]
    libc: [musl]
    deprecated: Renamed to @yuku-core/binding-linux-arm-musl

  '@yuku-engine/binding-linux-arm64-gnu@0.15.1':
    resolution: {integrity: sha512-mlMfrrOkNQnotL6e4Oi9N1TwZq9Y3KFvy5MRXrGNlxhKmfrvBnE65YcmMuv8BYXGck0IKwqyc+YzUHzLghLiTg==}
    cpu: [arm64]
    os: [linux]
    libc: [glibc]
    deprecated: Renamed to @yuku-core/binding-linux-arm64-gnu

  '@yuku-engine/binding-linux-arm64-musl@0.15.1':
    resolution: {integrity: sha512-TVTL2LnbpOgwjPuDE0fQSqNvQDCAfm4HY8XgD8E4QhtHdQzl5mJNTiYaV4viFDaYSsIO/fEZpYod1mvnojSYpA==}
    cpu: [arm64]
    os: [linux]
    libc: [musl]
    deprecated: Renamed to @yuku-core/binding-linux-arm64-musl

  '@yuku-engine/binding-linux-x64-gnu@0.15.1':
    resolution: {integrity: sha512-Bd+L0cr2JRZKRqvcUyeP1oXQ4k6BuRdKYEk5xXNG7DBDhO1y63usBKcUmzXPnXt4t1fw6DChLridamzgPlx08w==}
    cpu: [x64]
    os: [linux]
    libc: [glibc]
    deprecated: Renamed to @yuku-core/binding-linux-x64-gnu

  '@yuku-engine/binding-linux-x64-musl@0.15.1':
    resolution: {integrity: sha512-ojBBCb/0/4oztzRDYer3LJhWm3Xiwvsu+/heFpDEXw5taWf9NQt+8b1/Ss4JRiP42LvbHNcE4FK0sDTieAS2nQ==}
    cpu: [x64]
    os: [linux]
    libc: [musl]
    deprecated: Renamed to @yuku-core/binding-linux-x64-musl

  '@yuku-engine/binding-win32-arm64@0.15.1':
    resolution: {integrity: sha512-QtbILkUMbc4vTEu+jcFIOUwZgv8zfDIzQD9/9Yr8nzkCE3/CDfaLtLqkKRMYFF5hOryA5HV1UolXRvHTQqFAXQ==}
    cpu: [arm64]
    os: [win32]
    deprecated: Renamed to @yuku-core/binding-win32-arm64

  '@yuku-engine/binding-win32-x64@0.15.1':
    resolution: {integrity: sha512-plj4OZ2bMiyRMEq+x8RgCzt6XqJUkNu+vIdFCxWkEtL0xYCxpTp8JiTVunn29FMGDXcfQ+fB6gdVBEeFTjsigw==}
    cpu: [x64]
    os: [win32]
    deprecated: Renamed to @yuku-core/binding-win32-x64

  '@yuku-toolchain/types@0.15.1':
    resolution: {integrity: sha512-PE1yJPGkVveHH2C7u7PctXULK5YB+wmvs3856ViFiXHxJ0yxS19YbcNl1T+S6gs9o/5y4OoKM7MLckXCSRCcSA==}

  acorn@8.18.0:
    resolution: {integrity: sha512-lGq+9yr1/GuAWaVYIHRjvvySG5/4VfKIvC8EWxStPdcDh/Ka7FG3twP6v4d5BkravUilhIAsG4Qj83t02LWUPQ==}
    engines: {node: '>=0.4.0'}
    hasBin: true

  base64-js@1.5.1:
    resolution: {integrity: sha512-AKpaYlHn8t4SVbOHCy+b5+KKgvR4vrsD8vbvrbiQJps7fKDTkjkDry6ji0rUJjC0kzbNePLwzxq8iypo41qeWA==}

  bl@4.1.0:
    resolution: {integrity: sha512-1W07cM9gS6DcLperZfFSj+bWLtaPGSOHWhPiGzXmvVJbRLdG82sH/Kn8EtW1VqWVA54AKf2h5k5BbnIbwF3h6w==}

  buffer@5.7.1:
    resolution: {integrity: sha512-EHcyIPBQ4BSGlvjB16k5KgAJ27CIsHY/2JBmCRReo48y9rQ3MaUzWX3KVlBa4U7MyX02HdVj0K7C3WaB3ju7FQ==}

  canvas@3.2.3:
    resolution: {integrity: sha512-PzE5nJZPz72YUAfo8oTp0u3fqqY7IzlTubneAihqDYAUcBk7ryeCmBbdJBEdaH0bptSOe2VT2Zwcb3UaFyaSWw==}
    engines: {node: ^18.12.0 || >= 20.9.0}

  chart.js@4.5.1:
    resolution: {integrity: sha512-GIjfiT9dbmHRiYi6Nl2yFCq7kkwdkp1W/lp2J99rX0yo9tgJGn3lKQATztIjb5tVtevcBtIdICNWqlq5+E8/Pw==}
    engines: {pnpm: '>=8'}

  chartjs-node-canvas@5.0.0:
    resolution: {integrity: sha512-+Lc5phRWjb+UxAIiQpKgvOaG6Mw276YQx2jl2BrxoUtI3A4RYTZuGM5Dq+s4ReYmCY42WEPSR6viF3lDSTxpvw==}
    peerDependencies:
      chart.js: ^4.4.8

  chownr@1.1.4:
    resolution: {integrity: sha512-jJ0bqzaylmJtVnNgzTeSOs8DPavpbYgEr/b0YL8/2GO3xJEhInFmhKMUnEJQjZumK7KXGFhUy89PrsJWlakBVg==}

  decompress-response@6.0.0:
    resolution: {integrity: sha512-aW35yZM6Bb/4oJlZncMH2LCoZtJXTRxES17vE3hoRiowU2kWHaJKFkSBDnDR+cm9J+9QhXmREyIfv0pji9ejCQ==}
    engines: {node: '>=10'}

  deep-extend@0.6.0:
    resolution: {integrity: sha512-LOHxIOaPYdHlJRtCQfDIVZtfw/ufM8+rVj649RIHzcm/vGwQRXFt6OPqIFWsm2XEMrNIEtWR64sY1LEKD2vAOA==}
    engines: {node: '>=4.0.0'}

  detect-libc@2.1.2:
    resolution: {integrity: sha512-Btj2BOOO83o3WyH59e8MgXsxEQVcarkUOpEYrubB0urwnN10yQ364rsiByU11nZlqWYZm05i/of7io4mzihBtQ==}
    engines: {node: '>=8'}

  end-of-stream@1.4.5:
    resolution: {integrity: sha512-ooEGc6HP26xXq/N+GCGOT0JKCLDGrq2bQUZrQ7gyrJiZANJ/8YDTxTpQBXGMn+WbIQXNVpyWymm7KYVICQnyOg==}

  expand-template@2.0.3:
    resolution: {integrity: sha512-XYfuKMvj4O35f/pOXLObndIRvyQ+/+6AhODh+OKWj9S9498pHHn/IMszH+gt0fBCRWMNfk1ZSp5x3AifmnI2vg==}
    engines: {node: '>=6'}

  fs-constants@1.0.0:
    resolution: {integrity: sha512-y6OAwoSIf7FyjMIv94u+b5rdheZEjzR63GTyZJm5qh4Bi+2YgwLCcI/fPFZkL5PSixOt6ZNKm+w+Hfp/Bciwow==}

  github-from-package@0.0.0:
    resolution: {integrity: sha512-SyHy3T1v2NUXn29OsWdxmK6RwHD+vkj3v8en8AOBZ1wBQ/hCAQ5bAQTD02kW4W9tUp/3Qh6J8r9EvntiyCmOOw==}

  ieee754@1.2.1:
    resolution: {integrity: sha512-dcyqhDvX1C46lXZcVqCpK+FtMRQVdIMN6/Df5js2zouUsqG7I6sFxitIC+7KYK29KdXOLHdu9zL4sFnoVQnqaA==}

  inherits@2.0.4:
    resolution: {integrity: sha512-k/vGaX4/Yla3WzyMCvTQOXYeIHvqOKtnqBduzTHpzpQZzAskKMhZ2K+EnBiSM9zGSoIFeMpXKxa4dYeZIQqewQ==}

  ini@1.3.8:
    resolution: {integrity: sha512-JV/yugV2uzW5iMRSiZAyDtQd+nxtUnjeLt0acNdw98kKLrvuRVyB80tsREOE7yvGVgalhZ6RNXCmEHkUKBKxew==}

  mimic-response@3.1.0:
    resolution: {integrity: sha512-z0yWI+4FDrrweS8Zmt4Ej5HdJmky15+L2e6Wgn3+iK5fWzb6T3fhNFq2+MeTRb064c6Wr4N/wv0DzQTjNzHNGQ==}
    engines: {node: '>=10'}

  minimist@1.2.8:
    resolution: {integrity: sha512-2yyAR8qBkN3YuheJanUpWC5U3bb5osDywNB8RzDVlDwDHbocAJveqqj1u8+SVD7jkWT4yvsHCpWqqWqAxb0zCA==}

  mkdirp-classic@0.5.3:
    resolution: {integrity: sha512-gKLcREMhtuZRwRAfqP3RFW+TK4JqApVBtOIftVgjuABpAtpxhPGaDcfvbhNvD0B8iD1oUr/txX35NjcaY6Ns/A==}

  napi-build-utils@2.0.0:
    resolution: {integrity: sha512-GEbrYkbfF7MoNaoh2iGG84Mnf/WZfB0GdGEsM8wz7Expx/LlWf5U8t9nvJKXSp3qr5IsEbK04cBGhol/KwOsWA==}

  node-abi@3.94.0:
    resolution: {integrity: sha512-W5ZNO5KRPB5TkYmGVD9F6YqhsglXJzE6etpbmT+f6EQElhiX/UTG551cnsRGvLG3fyZEg9HwaDmNmj5nwJ4z9g==}
    engines: {node: '>=10'}

  node-addon-api@7.1.1:
    resolution: {integrity: sha512-5m3bsyrjFWE1xf7nz7YXdN4udnVtXK6/Yfgn5qnahL6bCkf2yKt4k3nuTKAtT4r3IG8JNR2ncsIMdZuAzJjHQQ==}

  once@1.4.0:
    resolution: {integrity: sha512-lNaJgI+2Q5URQBkccEKHTQOPaXdUxnZZElQTZY0MFUAuaEqe1E+Nyvgdz/aIyNi6Z9MzO5dv1H8n58/GELp3+w==}

  oxc-parser@0.145.0:
    resolution: {integrity: sha512-zLMOUMlzFPqpgiQPTdSYBpJF1pQX1Ym2h+qb/BIT3KoMYf+cn87LDD0ifjcGcikUwKS2uQKH/y4n2t3dHS9bFQ==}
    engines: {node: ^20.19.0 || >=22.12.0}

  prebuild-install@7.1.3:
    resolution: {integrity: sha512-8Mf2cbV7x1cXPUILADGI3wuhfqWvtiLA1iclTDbFRZkgRQS0NqsPZphna9V+HyTEadheuPmjaJMsbzKQFOzLug==}
    engines: {node: '>=10'}
    deprecated: No longer maintained. Please contact the author of the relevant native addon; alternatives are available.
    hasBin: true

  pump@3.0.4:
    resolution: {integrity: sha512-VS7sjc6KR7e1ukRFhQSY5LM2uBWAUPiOPa/A3mkKmiMwSmRFUITt0xuj+/lesgnCv+dPIEYlkzrcyXgquIHMcA==}

  rc@1.2.8:
    resolution: {integrity: sha512-y3bGgqKj3QBdxLbLkomlohkvsA8gdAiUQlSBJnBhfn+BPxg4bc62d8TcBW15wavDfgexCgccckhcZvywyQYPOw==}
    hasBin: true

  readable-stream@3.6.2:
    resolution: {integrity: sha512-9u/sniCrY3D5WdsERHzHE4G2YCXqoG5FTHUiCC4SIbr6XcLZBY05ya9EKjYek9O5xOAwjGq+1JdGBAS7Q9ScoA==}
    engines: {node: '>= 6'}

  safe-buffer@5.2.1:
    resolution: {integrity: sha512-rp3So07KcdmmKbGvgaNxQSJr7bGVSVk5S9Eq1F+ppbRo70+YeaDxkw5Dd8NPN+GD6bjnYm2VuPuCXmpuYvmCXQ==}

  semver@7.8.5:
    resolution: {integrity: sha512-Y7/KDsb8LjooZpwaqGyulO6DQlksgCncchHGk+sZIY4SBvUocMBEFH5Ur1fI4dV+Jvl0w6cjvucaIi40puRioA==}
    engines: {node: '>=10'}
    hasBin: true

  simple-concat@1.0.1:
    resolution: {integrity: sha512-cSFtAPtRhljv69IK0hTVZQ+OfE9nePi/rtJmw5UjHeVyVroEqJXP1sFztKUy1qU+xvz3u/sfYJLa947b7nAN2Q==}

  simple-get@4.0.1:
    resolution: {integrity: sha512-brv7p5WgH0jmQJr1ZDDfKDOSeWWg+OVypG99A/5vYGPqJ6pxiaHLy8nxtFjBA7oMa01ebA9gfh1uMCFqOuXxvA==}

  string_decoder@1.3.0:
    resolution: {integrity: sha512-hkRX8U1WjJFd8LsDJ2yQ/wWWxaopEsABU1XfkM8A+j0+85JAGppt16cr1Whg6KIbb4okU6Mql6BOj+uup/wKeA==}

  strip-json-comments@2.0.1:
    resolution: {integrity: sha512-4gB8na07fecVVkOI6Rs4e7T6NOTki5EmL7TUduTs6bu3EdnSycntVJ4re8kgZA+wx9IueI2Y11bfbgwtzuE0KQ==}
    engines: {node: '>=0.10.0'}

  tar-fs@2.1.5:
    resolution: {integrity: sha512-OboTd8mmMhZDNPV+UjQcK9yKAatXu2aJ+r1w4im1Otd4M4fl2hwvdoXUxIYHFTHWK/3y3FarBP70v3vwmGlOxw==}

  tar-stream@2.2.0:
    resolution: {integrity: sha512-ujeqbceABgwMZxEJnk2HDY2DlnUZ+9oEcb1KzTVfYHio0UE6dG71n60d8D2I4qNvleWrrXpmjpt7vZeF1LnMZQ==}
    engines: {node: '>=6'}

  tinybench@6.2.0:
    resolution: {integrity: sha512-78U2TlB2CnVenajOFzf3BKSm0J6oz5L0NV7g32LCPccvYc0lbWvys4d3uUUCS2B1N8PAf2+aekR8i1KbC3HO7Q==}
    engines: {node: '>=20.0.0'}

  tslib@2.8.1:
    resolution: {integrity: sha512-oJFu94HQb+KVduSUQL7wnpmqnfmLsOA/nAh6b6EH0wCEoK0/mPeXU6c3wKDV83MkOuHPRHtSXKKU99IBazS/2w==}

  tunnel-agent@0.6.0:
    resolution: {integrity: sha512-McnNiV1l8RYeY8tBgEpuodCC1mLUdbSN+CYBL7kJsJNInOP8UjDDEwdk6Mw60vdLLrr5NHKZhMAOSrR2NZuQ+w==}

  typescript@6.0.3:
    resolution: {integrity: sha512-y2TvuxSZPDyQakkFRPZHKFm+KKVqIisdg9/CZwm9ftvKXLP8NRWj38/ODjNbr43SsoXqNuAisEf1GdCxqWcdBw==}
    engines: {node: '>=14.17'}
    hasBin: true

  undici-types@8.3.0:
    resolution: {integrity: sha512-j375ScV60dom+YkPFIfTLcOiPxkN/buHz5GobjLhixFuANaNs3C9l4GmrWqejgXWJ7BbJcFYpTEUkS1Ge8bpZQ==}

  util-deprecate@1.0.2:
    resolution: {integrity: sha512-EPD5q1uXyFxJpCrLnCc1nHnq3gOa6DZBocAIiI2TaSCA7VCJ1UJDMagCzIkXNsUYfD1daK//LTEQ8xiIbrHtcw==}

  wrappy@1.0.2:
    resolution: {integrity: sha512-l4Sp/DRseor9wL6EvV2+TuQn63dMkPjZ/sp9XkghTEbV9KlPS1xUsZ3u7/IQO4wxtcFB4bgpQPRcR3QCvezPcQ==}

  yuku-engine@0.15.1:
    resolution: {integrity: sha512-XyIalDVgamCVn0O+59p/xiy71u48ZGZxOT9AyhHRXmBmtS5nw5GOv55UNdUIB/OqjRlT+N82bfumN6stTkdrsA==}
    engines: {node: '>=14.18.0'}
    deprecated: Renamed to yuku-core
    peerDependencies:
      '@yuku-engine/wasm': 0.15.1
    peerDependenciesMeta:
      '@yuku-engine/wasm':
        optional: true

  yuku-parser@0.15.1:
    resolution: {integrity: sha512-cSVigq8Tj0Fp0nBlz/Vme5HkhH0QAxZvhk6wp7K5geKbZr2qH8QEDoaCIh6ZxH5RlX1MCqhGtnu7mHW3l9Y5pA==}
    engines: {node: '>=14.18.0'}

snapshots:

  '@babel/helper-string-parser@8.0.6': {}

  '@babel/helper-validator-identifier@8.0.6': {}

  '@babel/parser@8.0.6':
    dependencies:
      '@babel/types': 8.0.6

  '@babel/types@8.0.6':
    dependencies:
      '@babel/helper-string-parser': 8.0.6
      '@babel/helper-validator-identifier': 8.0.6

  '@kurkle/color@0.3.4': {}

  '@oxc-parser/binding-android-arm-eabi@0.145.0':
    optional: true

  '@oxc-parser/binding-android-arm64@0.145.0':
    optional: true

  '@oxc-parser/binding-darwin-arm64@0.145.0':
    optional: true

  '@oxc-parser/binding-darwin-x64@0.145.0':
    optional: true

  '@oxc-parser/binding-freebsd-x64@0.145.0':
    optional: true

  '@oxc-parser/binding-linux-arm-gnueabihf@0.145.0':
    optional: true

  '@oxc-parser/binding-linux-arm-musleabihf@0.145.0':
    optional: true

  '@oxc-parser/binding-linux-arm64-gnu@0.145.0':
    optional: true

  '@oxc-parser/binding-linux-arm64-musl@0.145.0':
    optional: true

  '@oxc-parser/binding-linux-ppc64-gnu@0.145.0':
    optional: true

  '@oxc-parser/binding-linux-riscv64-gnu@0.145.0':
    optional: true

  '@oxc-parser/binding-linux-riscv64-musl@0.145.0':
    optional: true

  '@oxc-parser/binding-linux-s390x-gnu@0.145.0':
    optional: true

  '@oxc-parser/binding-linux-x64-gnu@0.145.0':
    optional: true

  '@oxc-parser/binding-linux-x64-musl@0.145.0':
    optional: true

  '@oxc-parser/binding-openharmony-arm64@0.145.0':
    optional: true

  '@oxc-parser/binding-win32-arm64-msvc@0.145.0':
    optional: true

  '@oxc-parser/binding-win32-ia32-msvc@0.145.0':
    optional: true

  '@oxc-parser/binding-win32-x64-msvc@0.145.0':
    optional: true

  '@oxc-project/types@0.145.0': {}

  '@swc/core-darwin-arm64@1.16.13':
    optional: true

  '@swc/core-darwin-x64@1.16.13':
    optional: true

  '@swc/core-linux-arm-gnueabihf@1.16.13':
    optional: true

  '@swc/core-linux-arm64-gnu@1.16.13':
    optional: true

  '@swc/core-linux-arm64-musl@1.16.13':
    optional: true

  '@swc/core-linux-ppc64-gnu@1.16.13':
    optional: true

  '@swc/core-linux-s390x-gnu@1.16.13':
    optional: true

  '@swc/core-linux-x64-gnu@1.16.13':
    optional: true

  '@swc/core-linux-x64-musl@1.16.13':
    optional: true

  '@swc/core-win32-arm64-msvc@1.16.13':
    optional: true

  '@swc/core-win32-ia32-msvc@1.16.13':
    optional: true

  '@swc/core-win32-x64-msvc@1.16.13':
    optional: true

  '@swc/core@1.16.13':
    dependencies:
      '@swc/counter': 0.1.3
      '@swc/types': 0.1.28
    optionalDependencies:
      '@swc/core-darwin-arm64': 1.16.13
      '@swc/core-darwin-x64': 1.16.13
      '@swc/core-linux-arm-gnueabihf': 1.16.13
      '@swc/core-linux-arm64-gnu': 1.16.13
      '@swc/core-linux-arm64-musl': 1.16.13
      '@swc/core-linux-ppc64-gnu': 1.16.13
      '@swc/core-linux-s390x-gnu': 1.16.13
      '@swc/core-linux-x64-gnu': 1.16.13
      '@swc/core-linux-x64-musl': 1.16.13
      '@swc/core-win32-arm64-msvc': 1.16.13
      '@swc/core-win32-ia32-msvc': 1.16.13
      '@swc/core-win32-x64-msvc': 1.16.13

  '@swc/counter@0.1.3': {}

  '@swc/types@0.1.28':
    dependencies:
      '@swc/counter': 0.1.3

  '@types/node@26.1.1':
    dependencies:
      undici-types: 8.3.0

  '@typescript/native-preview-darwin-arm64@7.0.0-dev.20260707.2':
    optional: true

  '@typescript/native-preview-darwin-x64@7.0.0-dev.20260707.2':
    optional: true

  '@typescript/native-preview-linux-arm64@7.0.0-dev.20260707.2':
    optional: true

  '@typescript/native-preview-linux-arm@7.0.0-dev.20260707.2':
    optional: true

  '@typescript/native-preview-linux-x64@7.0.0-dev.20260707.2':
    optional: true

  '@typescript/native-preview-win32-arm64@7.0.0-dev.20260707.2':
    optional: true

  '@typescript/native-preview-win32-x64@7.0.0-dev.20260707.2':
    optional: true

  '@typescript/native-preview@7.0.0-dev.20260707.2':
    optionalDependencies:
      '@typescript/native-preview-darwin-arm64': 7.0.0-dev.20260707.2
      '@typescript/native-preview-darwin-x64': 7.0.0-dev.20260707.2
      '@typescript/native-preview-linux-arm': 7.0.0-dev.20260707.2
      '@typescript/native-preview-linux-arm64': 7.0.0-dev.20260707.2
      '@typescript/native-preview-linux-x64': 7.0.0-dev.20260707.2
      '@typescript/native-preview-win32-arm64': 7.0.0-dev.20260707.2
      '@typescript/native-preview-win32-x64': 7.0.0-dev.20260707.2

  '@yuku-engine/binding-android-arm64@0.15.1':
    optional: true

  '@yuku-engine/binding-darwin-arm64@0.15.1':
    optional: true

  '@yuku-engine/binding-darwin-x64@0.15.1':
    optional: true

  '@yuku-engine/binding-freebsd-x64@0.15.1':
    optional: true

  '@yuku-engine/binding-linux-arm-gnu@0.15.1':
    optional: true

  '@yuku-engine/binding-linux-arm-musl@0.15.1':
    optional: true

  '@yuku-engine/binding-linux-arm64-gnu@0.15.1':
    optional: true

  '@yuku-engine/binding-linux-arm64-musl@0.15.1':
    optional: true

  '@yuku-engine/binding-linux-x64-gnu@0.15.1':
    optional: true

  '@yuku-engine/binding-linux-x64-musl@0.15.1':
    optional: true

  '@yuku-engine/binding-win32-arm64@0.15.1':
    optional: true

  '@yuku-engine/binding-win32-x64@0.15.1':
    optional: true

  '@yuku-toolchain/types@0.15.1': {}

  acorn@8.18.0: {}

  base64-js@1.5.1: {}

  bl@4.1.0:
    dependencies:
      buffer: 5.7.1
      inherits: 2.0.4
      readable-stream: 3.6.2

  buffer@5.7.1:
    dependencies:
      base64-js: 1.5.1
      ieee754: 1.2.1

  canvas@3.2.3:
    dependencies:
      node-addon-api: 7.1.1
      prebuild-install: 7.1.3

  chart.js@4.5.1:
    dependencies:
      '@kurkle/color': 0.3.4

  chartjs-node-canvas@5.0.0(chart.js@4.5.1):
    dependencies:
      canvas: 3.2.3
      chart.js: 4.5.1
      tslib: 2.8.1

  chownr@1.1.4: {}

  decompress-response@6.0.0:
    dependencies:
      mimic-response: 3.1.0

  deep-extend@0.6.0: {}

  detect-libc@2.1.2: {}

  end-of-stream@1.4.5:
    dependencies:
      once: 1.4.0

  expand-template@2.0.3: {}

  fs-constants@1.0.0: {}

  github-from-package@0.0.0: {}

  ieee754@1.2.1: {}

  inherits@2.0.4: {}

  ini@1.3.8: {}

  mimic-response@3.1.0: {}

  minimist@1.2.8: {}

  mkdirp-classic@0.5.3: {}

  napi-build-utils@2.0.0: {}

  node-abi@3.94.0:
    dependencies:
      semver: 7.8.5

  node-addon-api@7.1.1: {}

  once@1.4.0:
    dependencies:
      wrappy: 1.0.2

  oxc-parser@0.145.0:
    dependencies:
      '@oxc-project/types': 0.145.0
    optionalDependencies:
      '@oxc-parser/binding-android-arm-eabi': 0.145.0
      '@oxc-parser/binding-android-arm64': 0.145.0
      '@oxc-parser/binding-darwin-arm64': 0.145.0
      '@oxc-parser/binding-darwin-x64': 0.145.0
      '@oxc-parser/binding-freebsd-x64': 0.145.0
      '@oxc-parser/binding-linux-arm-gnueabihf': 0.145.0
      '@oxc-parser/binding-linux-arm-musleabihf': 0.145.0
      '@oxc-parser/binding-linux-arm64-gnu': 0.145.0
      '@oxc-parser/binding-linux-arm64-musl': 0.145.0
      '@oxc-parser/binding-linux-ppc64-gnu': 0.145.0
      '@oxc-parser/binding-linux-riscv64-gnu': 0.145.0
      '@oxc-parser/binding-linux-riscv64-musl': 0.145.0
      '@oxc-parser/binding-linux-s390x-gnu': 0.145.0
      '@oxc-parser/binding-linux-x64-gnu': 0.145.0
      '@oxc-parser/binding-linux-x64-musl': 0.145.0
      '@oxc-parser/binding-openharmony-arm64': 0.145.0
      '@oxc-parser/binding-win32-arm64-msvc': 0.145.0
      '@oxc-parser/binding-win32-ia32-msvc': 0.145.0
      '@oxc-parser/binding-win32-x64-msvc': 0.145.0

  prebuild-install@7.1.3:
    dependencies:
      detect-libc: 2.1.2
      expand-template: 2.0.3
      github-from-package: 0.0.0
      minimist: 1.2.8
      mkdirp-classic: 0.5.3
      napi-build-utils: 2.0.0
      node-abi: 3.94.0
      pump: 3.0.4
      rc: 1.2.8
      simple-get: 4.0.1
      tar-fs: 2.1.5
      tunnel-agent: 0.6.0

  pump@3.0.4:
    dependencies:
      end-of-stream: 1.4.5
      once: 1.4.0

  rc@1.2.8:
    dependencies:
      deep-extend: 0.6.0
      ini: 1.3.8
      minimist: 1.2.8
      strip-json-comments: 2.0.1

  readable-stream@3.6.2:
    dependencies:
      inherits: 2.0.4
      string_decoder: 1.3.0
      util-deprecate: 1.0.2

  safe-buffer@5.2.1: {}

  semver@7.8.5: {}

  simple-concat@1.0.1: {}

  simple-get@4.0.1:
    dependencies:
      decompress-response: 6.0.0
      once: 1.4.0
      simple-concat: 1.0.1

  string_decoder@1.3.0:
    dependencies:
      safe-buffer: 5.2.1

  strip-json-comments@2.0.1: {}

  tar-fs@2.1.5:
    dependencies:
      chownr: 1.1.4
      mkdirp-classic: 0.5.3
      pump: 3.0.4
      tar-stream: 2.2.0

  tar-stream@2.2.0:
    dependencies:
      bl: 4.1.0
      end-of-stream: 1.4.5
      fs-constants: 1.0.0
      inherits: 2.0.4
      readable-stream: 3.6.2

  tinybench@6.2.0: {}

  tslib@2.8.1: {}

  tunnel-agent@0.6.0:
    dependencies:
      safe-buffer: 5.2.1

  typescript@6.0.3: {}

  undici-types@8.3.0: {}

  util-deprecate@1.0.2: {}

  wrappy@1.0.2: {}

  yuku-engine@0.15.1:
    dependencies:
      '@yuku-toolchain/types': 0.15.1
    optionalDependencies:
      '@yuku-engine/binding-android-arm64': 0.15.1
      '@yuku-engine/binding-darwin-arm64': 0.15.1
      '@yuku-engine/binding-darwin-x64': 0.15.1
      '@yuku-engine/binding-freebsd-x64': 0.15.1
      '@yuku-engine/binding-linux-arm-gnu': 0.15.1
      '@yuku-engine/binding-linux-arm-musl': 0.15.1
      '@yuku-engine/binding-linux-arm64-gnu': 0.15.1
      '@yuku-engine/binding-linux-arm64-musl': 0.15.1
      '@yuku-engine/binding-linux-x64-gnu': 0.15.1
      '@yuku-engine/binding-linux-x64-musl': 0.15.1
      '@yuku-engine/binding-win32-arm64': 0.15.1
      '@yuku-engine/binding-win32-x64': 0.15.1

  yuku-parser@0.15.1:
    dependencies:
      '@yuku-toolchain/types': 0.15.1
      yuku-engine: 0.15.1
    transitivePeerDependencies:
      - '@yuku-engine/wasm'
