lockfileVersion: '9.0'

settings:
  autoInstallPeers: true
  excludeLinksFromLockfile: false

importers:

  .:
    dependencies:
      '@babel/parser':
        specifier: ^8.0.4
        version: 8.0.4
      '@swc/core':
        specifier: ^1.15.46
        version: 1.15.47
      acorn:
        specifier: ^8.17.0
        version: 8.18.0
      chart.js:
        specifier: ^4.5.1
        version: 4.5.1
      chartjs-node-canvas:
        specifier: ^5.0.0
        version: 5.0.0(chart.js@4.5.1)
      oxc-parser:
        specifier: ^0.144.0
        version: 0.144.0
      tinybench:
        specifier: ^6.0.2
        version: 6.1.2
      typescript:
        specifier: ^6.0.3 || ^7.0.0
        version: 6.0.3
      yuku-parser:
        specifier: ^0.8.0
        version: 0.8.3
    devDependencies:
      '@types/node':
        specifier: ^26.1.1
        version: 26.1.1
      '@typescript/native-preview':
        specifier: 7.0.0-dev.20260707.2
        version: 7.0.0-dev.20260707.2

packages:

  '@babel/helper-string-parser@8.0.0':
    resolution: {integrity: sha512-6mJgmFFFIIO82vvoLt9XtRC7/TkzXfts1t/SpRX4IHSzMgqoPYCWesVu1udUPUWioAE/2fcG6WuI8zrkE1gwrg==}
    engines: {node: ^22.18.0 || >=24.11.0}

  '@babel/helper-validator-identifier@8.0.4':
    resolution: {integrity: sha512-4wFaiLd0bVo4cIoTXI3zKI038NIWE/cr3jvBjejOVYVxV/m8Ltav1USiGzG1fmS5J2RhgEOgXNNK46cRPnRsrg==}
    engines: {node: ^22.18.0 || >=24.11.0}

  '@babel/parser@8.0.4':
    resolution: {integrity: sha512-srpptsAkEbbNIC/q8nT7o+m6CQe8CJUTV/t7MYc9NnWlgYVtHOb7JH6SorxMhN0kuRJjVqXbKClG6xSbPtzz+g==}
    engines: {node: ^22.18.0 || >=24.11.0}
    hasBin: true

  '@babel/types@8.0.4':
    resolution: {integrity: sha512-eY+Yn3dCqTGmyiq2QRU66lA5FL8lqqqvecHt0fF3uHONIa7ToYsaCiWV8lOKqAs0Rb2SjixiKFROngnulPtt2g==}
    engines: {node: ^22.18.0 || >=24.11.0}

  '@kurkle/color@0.3.4':
    resolution: {integrity: sha512-M5UknZPHRu3DEDWoipU6sE8PdkZ6Z/S+v4dD+Ke8IaNlpdSQah50lz1KtcFBa2vsdOnwbbnxJwVM4wty6udA5w==}

  '@oxc-parser/binding-android-arm-eabi@0.144.0':
    resolution: {integrity: sha512-IaoGBEp/huvja99PxI/b72TbKFzA/UzxxAka7f233dc/Tg/rRTX9Qn8IquFLWwWf4IddN/5TaJ8S4Subbjq7wQ==}
    engines: {node: ^20.19.0 || >=22.12.0}
    cpu: [arm]
    os: [android]

  '@oxc-parser/binding-android-arm64@0.144.0':
    resolution: {integrity: sha512-u6fJu8XQXP99+9pYO3jq7F1D7V9fyFuDBShYFlr+gY+GcJzhveeN/zoMfuXxX6XBquJO0kjqKd7BjhJ7pClWXQ==}
    engines: {node: ^20.19.0 || >=22.12.0}
    cpu: [arm64]
    os: [android]

  '@oxc-parser/binding-darwin-arm64@0.144.0':
    resolution: {integrity: sha512-o9xGSmMQcboJLjwI+acFf6xa7nYdp0/nRFE8ry4Xrt8OviQ9ITFDBUkAXVJMOLchSV9Pu981GxJuW0mt4i6vQQ==}
    engines: {node: ^20.19.0 || >=22.12.0}
    cpu: [arm64]
    os: [darwin]

  '@oxc-parser/binding-darwin-x64@0.144.0':
    resolution: {integrity: sha512-2yNm4tX++W3KLbyziVhs5alSb74a3C1uNDu/1P/AQj1ux8yZYuvbCAeJCCrGkr8J18ZmnBAzDthdTZBEAEb71w==}
    engines: {node: ^20.19.0 || >=22.12.0}
    cpu: [x64]
    os: [darwin]

  '@oxc-parser/binding-freebsd-x64@0.144.0':
    resolution: {integrity: sha512-TG4CjY1OjynplkF9nAQ9m9zboPJksnbAF+U/9xQGSXyIt+5sQRitwfQrUgjrG17/up9G8k/boNjLD2zp4xq1Kw==}
    engines: {node: ^20.19.0 || >=22.12.0}
    cpu: [x64]
    os: [freebsd]

  '@oxc-parser/binding-linux-arm-gnueabihf@0.144.0':
    resolution: {integrity: sha512-i0T9NagVmqc+rbSyBr5mDKj7TCMIBRrSteQlQJt1WhWIH/sZeOP9GB09H9w98YdinuZkDIPmO7Fz0jDC7bMvSA==}
    engines: {node: ^20.19.0 || >=22.12.0}
    cpu: [arm]
    os: [linux]

  '@oxc-parser/binding-linux-arm-musleabihf@0.144.0':
    resolution: {integrity: sha512-YUsEqM3WMS3mOON+TFf7RzS0QthzEifx7tpUQu0GSF2MsT+D6t154ZBs6WhWaCZNl0GuVDEvndCyEAUBHzSHGw==}
    engines: {node: ^20.19.0 || >=22.12.0}
    cpu: [arm]
    os: [linux]

  '@oxc-parser/binding-linux-arm64-gnu@0.144.0':
    resolution: {integrity: sha512-LlWH4kt+IET3qIAe0e0IFLNlQ3CVUAfN//UFsA6N0/FghMh/FBk1e+wzvgG+t8WSnXkvf8B1TovquS2EJras9g==}
    engines: {node: ^20.19.0 || >=22.12.0}
    cpu: [arm64]
    os: [linux]
    libc: [glibc]

  '@oxc-parser/binding-linux-arm64-musl@0.144.0':
    resolution: {integrity: sha512-ajXbXIWBWUD4U3IQxr2p6DiXwD7GPHEBLa+JteKhIfvLmBEBdTjO28lP+5r3AF2qal8cxLERfTnGs64Z22ZuXw==}
    engines: {node: ^20.19.0 || >=22.12.0}
    cpu: [arm64]
    os: [linux]
    libc: [musl]

  '@oxc-parser/binding-linux-ppc64-gnu@0.144.0':
    resolution: {integrity: sha512-/+sDzL/4cWEwdqenKo/DX3gkkxu7H7ytFAtealDey/Gd59yPWn64obVk6wXKVjVfXMciUUUTySxZG9AIMX3RNQ==}
    engines: {node: ^20.19.0 || >=22.12.0}
    cpu: [ppc64]
    os: [linux]
    libc: [glibc]

  '@oxc-parser/binding-linux-riscv64-gnu@0.144.0':
    resolution: {integrity: sha512-dMVhPBbrd8y6aeLd7Ihn9OZhKO8QgCQVtLBTRgbmf4lKrcR61SpaQRJPJuocTc/Cn5SJMm+alHYPnzkbOGM7Dg==}
    engines: {node: ^20.19.0 || >=22.12.0}
    cpu: [riscv64]
    os: [linux]
    libc: [glibc]

  '@oxc-parser/binding-linux-riscv64-musl@0.144.0':
    resolution: {integrity: sha512-jQ8O0+b6J2IhJgm0DnqEJq8hG9OocmF1b4TBWCk08CRWqTmLZj/+lYs7w3OA60nb2SiqOmthQyJPacrCi7y+oQ==}
    engines: {node: ^20.19.0 || >=22.12.0}
    cpu: [riscv64]
    os: [linux]
    libc: [musl]

  '@oxc-parser/binding-linux-s390x-gnu@0.144.0':
    resolution: {integrity: sha512-/mZxZtcGrzuvqPLPV7gjavbROYs/dHy6+yQ2Sl/2to/+qoC/v6CcruGFnfQPzQbXXTYReXJzLb5QY9KmgCbJOg==}
    engines: {node: ^20.19.0 || >=22.12.0}
    cpu: [s390x]
    os: [linux]
    libc: [glibc]

  '@oxc-parser/binding-linux-x64-gnu@0.144.0':
    resolution: {integrity: sha512-/caRGFHcarHZlBrucBwQwBbzqhD+UfZZ/r7soocS0/mp6/5KTq+1Zl/OQx5lFLcN+GpUPYszbrvQU9MCFLEzJg==}
    engines: {node: ^20.19.0 || >=22.12.0}
    cpu: [x64]
    os: [linux]
    libc: [glibc]

  '@oxc-parser/binding-linux-x64-musl@0.144.0':
    resolution: {integrity: sha512-qFtwAo6BWuWDjh57QDdZdYi746GW0mIeoZSGK2jJqlxIjo389Y/7lrriTOI+ou7tTvusOrSYGQZ+e+nDswt2vQ==}
    engines: {node: ^20.19.0 || >=22.12.0}
    cpu: [x64]
    os: [linux]
    libc: [musl]

  '@oxc-parser/binding-openharmony-arm64@0.144.0':
    resolution: {integrity: sha512-n+NgMGWWEYpH+rlkMhDvLR2k8vJDHQp3j8SoS86IS6J0hc4kuDaiYAAvu9dF86xjeGYy+h9WLj12sylmBJV9sg==}
    engines: {node: ^20.19.0 || >=22.12.0}
    cpu: [arm64]
    os: [openharmony]

  '@oxc-parser/binding-win32-arm64-msvc@0.144.0':
    resolution: {integrity: sha512-fShxpJiCBOdG4+jBAvahTTFUDI5djXc/+IPC1ldeC8LbyCW0h9m/7oP8DRZWI7WT2Ahv8sHtZz4ugECylCFpTA==}
    engines: {node: ^20.19.0 || >=22.12.0}
    cpu: [arm64]
    os: [win32]

  '@oxc-parser/binding-win32-ia32-msvc@0.144.0':
    resolution: {integrity: sha512-vFrYV+C3lJhIiSdNhdkZHnZ0YIClgTSluXaPMYjlGslVPD+uJg6K1s2xNL/X/gdBcy9IIbjbp0vNBwQhdMMdkw==}
    engines: {node: ^20.19.0 || >=22.12.0}
    cpu: [ia32]
    os: [win32]

  '@oxc-parser/binding-win32-x64-msvc@0.144.0':
    resolution: {integrity: sha512-0ASbKSwdeihMekyy7y4jC0CwW3XBDZk5Sw64m/W7IReVQHaduqLYssF9KCJA2oHG9oldnl/1CMxqCoImXfqQkA==}
    engines: {node: ^20.19.0 || >=22.12.0}
    cpu: [x64]
    os: [win32]

  '@oxc-project/types@0.144.0':
    resolution: {integrity: sha512-nuhZIOLuI6TFQ32I/WnUx+SCPY7SdSKwgnFHydAuoS1+Z4BRcaP+RRJmGzl9lw+0OFF7UmaESf7KQRXaNLHypg==}

  '@swc/core-darwin-arm64@1.15.47':
    resolution: {integrity: sha512-GsoMtan3ojGGMGFbl31mmRu5ctZ56re8grGE8mO/OHJ8O+JRkzod02fe7X6ZQ8JvamA3imkEkx/h3u+vsOgPgA==}
    engines: {node: '>=10'}
    cpu: [arm64]
    os: [darwin]

  '@swc/core-darwin-x64@1.15.47':
    resolution: {integrity: sha512-leTi7Rx3KF4zcC637iqWgk9SoV8VXAD8ppQYXsep63px5A/UftOcxLN1pmr8Z1si/YvX90ompP/rHgpYkgwXWg==}
    engines: {node: '>=10'}
    cpu: [x64]
    os: [darwin]

  '@swc/core-linux-arm-gnueabihf@1.15.47':
    resolution: {integrity: sha512-hBqHuoWKKIsKmDBn9qVeWqj5GWZhtlcczVaqQmNRXsDfq+voR5CxKRfamA367QjJXtceYuliLFfEL8QsskRM2g==}
    engines: {node: '>=10'}
    cpu: [arm]
    os: [linux]

  '@swc/core-linux-arm64-gnu@1.15.47':
    resolution: {integrity: sha512-TBxvRz+B4K205TWHHZxWVxkC2RFNP/Mz3PNcECBos5PsKwxjg3QSJzdoebr0VCf0Bfh8HOPldKxAP/8XkFe9gA==}
    engines: {node: '>=10'}
    cpu: [arm64]
    os: [linux]
    libc: [glibc]

  '@swc/core-linux-arm64-musl@1.15.47':
    resolution: {integrity: sha512-3Yu3Uq/VgytqsPjTMbkPU1ExADytbdWbruJYhA584E9jrpE2Ki+R6VVPoZCeAVk1Cb7QxcRTgblw6bSa6a/R+w==}
    engines: {node: '>=10'}
    cpu: [arm64]
    os: [linux]
    libc: [musl]

  '@swc/core-linux-ppc64-gnu@1.15.47':
    resolution: {integrity: sha512-wfdMi5IaOaNtmh2/6geRoxIdNfqylUZFdtzTKS655y1axWfIWyx7As74vv0wVdjeCIZ3WmCI9odDd4rUttXOSQ==}
    engines: {node: '>=10'}
    cpu: [ppc64]
    os: [linux]
    libc: [glibc]

  '@swc/core-linux-s390x-gnu@1.15.47':
    resolution: {integrity: sha512-3hHYBY0yx8Ez7GMRrkhXHQzMdR5IZA6Wq5Ee4svlgwvSECLpnAJ9+0AimEGUFDvuLwE7nV/2+PYe8+Nm4rvNcQ==}
    engines: {node: '>=10'}
    cpu: [s390x]
    os: [linux]
    libc: [glibc]

  '@swc/core-linux-x64-gnu@1.15.47':
    resolution: {integrity: sha512-TjfhjgP/jGCfFHYC3JQPhJA1HwErbIJ9JfREDc1KNkvY6P0LodCgKVIlQ5deeTbkG7ih3bF5PHJLuLpaZjdRyQ==}
    engines: {node: '>=10'}
    cpu: [x64]
    os: [linux]
    libc: [glibc]

  '@swc/core-linux-x64-musl@1.15.47':
    resolution: {integrity: sha512-CQpS8Ge/avfjZd0UEwG/sds83Uu32deQXcV1Jo3jD0mmvQQqtYAjpsDZXugmheeAwmt+YIuoVtVHro8LMYHqsQ==}
    engines: {node: '>=10'}
    cpu: [x64]
    os: [linux]
    libc: [musl]

  '@swc/core-win32-arm64-msvc@1.15.47':
    resolution: {integrity: sha512-0W8IKHsUTYiT7G2RqtOoVWk+89yzZikIiDUb/sCK6BmQDBhN91hQSfyUtW12jhEWLzYgcfmisfsZrmZE+84U1A==}
    engines: {node: '>=10'}
    cpu: [arm64]
    os: [win32]

  '@swc/core-win32-ia32-msvc@1.15.47':
    resolution: {integrity: sha512-ZIp49d2Z4/ka2jO9otOg4hDvTdPmp86kVOgS2M5FCPI7eKKZ1W0boxWn+8XeZrfERtFGW0AlMRm4JhlJa7l3NA==}
    engines: {node: '>=10'}
    cpu: [ia32]
    os: [win32]

  '@swc/core-win32-x64-msvc@1.15.47':
    resolution: {integrity: sha512-2h8Iek95vnixkBRCo+H8p09+Q5ll2NgSMFrWTy0iKt7+/t+8/T5mBpiT6c0ZxSS7wcWjwZ9sGZkK70tTSYHdDw==}
    engines: {node: '>=10'}
    cpu: [x64]
    os: [win32]

  '@swc/core@1.15.47':
    resolution: {integrity: sha512-FbsO5JcfOjfH38W/rohBRBweJeERsAuIP4f377lmkmxTcq9exjtx4SkRuZY5CdfhR2CBVwDIJegBpJDffwNsOg==}
    engines: {node: '>=10'}
    peerDependencies:
      '@swc/helpers': '>=0.5.17'
    peerDependenciesMeta:
      '@swc/helpers':
        optional: true

  '@swc/counter@0.1.3':
    resolution: {integrity: sha512-e2BR4lsJkkRlKZ/qCHPw9ZaSxc0MVUd7gtbtaB7aMvHeJVYe8sOB8DBZkP2DtISHGSku9sCK6T6cnY0CtXrOCQ==}

  '@swc/types@0.1.28':
    resolution: {integrity: sha512-V6Mnml8v09QALx6K0elJ7o9K/MkVDtW3t6L+7Ou/JcWtb3xwId2AH4FeOceySd2JaO87IMw4+6vSZxLm34LPbw==}

  '@types/node@26.1.1':
    resolution: {integrity: sha512-nxAkRSVkN1Y0JC1W8ky/fTfkGsMmcrRsbx+3XoZE+rMOX71kLYTV7fLXpqud1GpbpP5TuffXFqfX7fH2GgZREw==}

  '@typescript/native-preview-darwin-arm64@7.0.0-dev.20260707.2':
    resolution: {integrity: sha512-wny2pgKjGbiZtnOIHVa3tXC1UfDqxNEFzyPGmiqybedG8hipG2Nfp0l5UxbaKCjkLacUpH/W5bP2hBOMVhCOzg==}
    engines: {node: '>=16.20.0'}
    cpu: [arm64]
    os: [darwin]

  '@typescript/native-preview-darwin-x64@7.0.0-dev.20260707.2':
    resolution: {integrity: sha512-Afc7M5zOwo+GpfcYwz5Z8HMB2tPVsui7nNIqEuuFB73MPdVqNn/Wmpe4tP4MRri0AtJnJknoHBaTJ/VDAp/Jhw==}
    engines: {node: '>=16.20.0'}
    cpu: [x64]
    os: [darwin]

  '@typescript/native-preview-linux-arm64@7.0.0-dev.20260707.2':
    resolution: {integrity: sha512-iITBa2WjjTI5N9t5l7Z4KoOSI+2zBlhbvFzsD/f8qX8QoKjz/Y4DPyBDgezYi8nkqjjksbgSOJ3/ykzhwrB9cg==}
    engines: {node: '>=16.20.0'}
    cpu: [arm64]
    os: [linux]

  '@typescript/native-preview-linux-arm@7.0.0-dev.20260707.2':
    resolution: {integrity: sha512-hJm/UOqZTr9FHmR7uNm8VGX4oKtfWk0Jem0zPeJFNC8ckGUfSBueyiEYMZB+XmRc1aG4x1E46y3CplP4CLHvGQ==}
    engines: {node: '>=16.20.0'}
    cpu: [arm]
    os: [linux]

  '@typescript/native-preview-linux-x64@7.0.0-dev.20260707.2':
    resolution: {integrity: sha512-du0dzi6y97Po5vDNdPJTyyijHCpaS22JLRnKZEJXBDaO9gCIymOv/5QQokFRuOlQm0bWl3i9PF4OVdGP6uAOQA==}
    engines: {node: '>=16.20.0'}
    cpu: [x64]
    os: [linux]

  '@typescript/native-preview-win32-arm64@7.0.0-dev.20260707.2':
    resolution: {integrity: sha512-SsAwfhyHJ1akgBc+99z4+hwdbHsdWaKB8EwCNIMA6JfSLMeUjffrYvxu+vfMyxVtOVOz7RrRXRoiDiu4a2sCtg==}
    engines: {node: '>=16.20.0'}
    cpu: [arm64]
    os: [win32]

  '@typescript/native-preview-win32-x64@7.0.0-dev.20260707.2':
    resolution: {integrity: sha512-DL4u27stv0fo71sVhOzHSwE+YMZsbBijVI+kg5dLDLilSH79WFTJ8RSQ46vJrCMt+Gjlv/JOZP1PuLJDfioYeQ==}
    engines: {node: '>=16.20.0'}
    cpu: [x64]
    os: [win32]

  '@typescript/native-preview@7.0.0-dev.20260707.2':
    resolution: {integrity: sha512-oUGp+Rep/hqMhPunyinsALUwSlzHINSxitifPiSaeqoKOKD2OlR9NE3TaPqwsl4NlGslsOSUXI1JotWQzpYCPg==}
    engines: {node: '>=16.20.0'}
    hasBin: true

  '@yuku-parser/binding-android-arm64@0.8.3':
    resolution: {integrity: sha512-vySYRsMeul9ssvxeHdxgS9ZUIcq7gqljWNqgokjJE0uQWvVvOprihJ6hOsiifVqWsla0BMc3vAFBvNS9QqCw7g==}
    cpu: [arm64]
    os: [android]

  '@yuku-parser/binding-darwin-arm64@0.8.3':
    resolution: {integrity: sha512-+wpB/wqhiZ685Y77I+lj6v9pHSAJ3Y+QMHJmvch0Q0ahIMbNwtKk3s54MhtjCMKO1qpjPbyN/PjuHDg2hbKaVQ==}
    cpu: [arm64]
    os: [darwin]

  '@yuku-parser/binding-darwin-x64@0.8.3':
    resolution: {integrity: sha512-jKqiWejj4zVy7pPtEGu4/Ty+pG1h7ooQOXIkm7shKZTSwTU9X8X+eoH11uIeKHZi2SQWV0GhNz0J56eerseysQ==}
    cpu: [x64]
    os: [darwin]

  '@yuku-parser/binding-freebsd-x64@0.8.3':
    resolution: {integrity: sha512-FC7zSwzFzd4z9bsId07CiHLR+Iw6yW/LzIQhL5AUtPUuVXLgEyx0rilgbRUYkl1CT3GJcLpkh63WuPZUSgCDzw==}
    cpu: [x64]
    os: [freebsd]

  '@yuku-parser/binding-linux-arm-gnu@0.8.3':
    resolution: {integrity: sha512-So61j88b9/ygDnUPlWCm1EUPw4HSxAyDjrNHKgud5N3aRDQ3kw94nW7TriXbo7GBXID9oBHCMNm1r1Fof/Df5Q==}
    cpu: [arm]
    os: [linux]
    libc: [glibc]

  '@yuku-parser/binding-linux-arm-musl@0.8.3':
    resolution: {integrity: sha512-Nmnn20yJvSSKL8ZdtqReBRSGCDkSMqR5jEk/Sk/cdIdZmqVD49Z6M7w2GbMjdrxMI1MBPbsWFMMWxa93cd5t5g==}
    cpu: [arm]
    os: [linux]
    libc: [musl]

  '@yuku-parser/binding-linux-arm64-gnu@0.8.3':
    resolution: {integrity: sha512-Lfgw7AXJ0rxu6BMPGgfc8HLJWEIr8BHhCzcQp/75k+NM90uCLkHlBNqIg/K42KlSvBgAvu9euOvjdswib+4qJA==}
    cpu: [arm64]
    os: [linux]
    libc: [glibc]

  '@yuku-parser/binding-linux-arm64-musl@0.8.3':
    resolution: {integrity: sha512-cfRyu87xsJ0tFkHNsnMC4Rq6+xsFJ6i2dc4VAH52d2qLvykEJU/Mdi3ul1O2PyOApX/LoLT3uQZ0fWs3D5XE4w==}
    cpu: [arm64]
    os: [linux]
    libc: [musl]

  '@yuku-parser/binding-linux-x64-gnu@0.8.3':
    resolution: {integrity: sha512-GcQQCUuYxbm6P1n+io/A50rvWKDeWHutIp6rW0ycDOZuEQjOb8hDVgS88+NDyOnd9FfS0/Z6GXopcRFDyKpzOg==}
    cpu: [x64]
    os: [linux]
    libc: [glibc]

  '@yuku-parser/binding-linux-x64-musl@0.8.3':
    resolution: {integrity: sha512-rMkImBGZzg7GZlj8krYtdiezyjYI4igjKWMut5T65jHyNWFigMQrEpn9mDIBflloW9FKhGE3mN6yTZ/N+4HRwg==}
    cpu: [x64]
    os: [linux]
    libc: [musl]

  '@yuku-parser/binding-win32-arm64@0.8.3':
    resolution: {integrity: sha512-/2Pl2cAzCXWxah8FqJapEj/ikpt9cEutEZFCa0hnbfrshkn5+C+aBM3ZDq62d1jsgQjBMmqr5HVhJUA4OAG/Tg==}
    cpu: [arm64]
    os: [win32]

  '@yuku-parser/binding-win32-x64@0.8.3':
    resolution: {integrity: sha512-Ntnvjoan9jnfLhn7Kn3h8j/bhsbVdQSVmKUqFULKtmwImLCJVHOJbLL4qbEJyrOQ7r/FBL1/c/dRvx/AQWzzXg==}
    cpu: [x64]
    os: [win32]

  '@yuku-toolchain/types@0.8.4':
    resolution: {integrity: sha512-p7JE8flrj7ijZ/qLjHi4UwKqMarMD6zumbKXhrjp2I2iLJOuTYiQyci2U36VlXcUlNyzsY7E/mLnKCHotbzJVw==}

  acorn@8.18.0:
    resolution: {integrity: sha512-lGq+9yr1/GuAWaVYIHRjvvySG5/4VfKIvC8EWxStPdcDh/Ka7FG3twP6v4d5BkravUilhIAsG4Qj83t02LWUPQ==}
    engines: {node: '>=0.4.0'}
    hasBin: true

  base64-js@1.5.1:
    resolution: {integrity: sha512-AKpaYlHn8t4SVbOHCy+b5+KKgvR4vrsD8vbvrbiQJps7fKDTkjkDry6ji0rUJjC0kzbNePLwzxq8iypo41qeWA==}

  bl@4.1.0:
    resolution: {integrity: sha512-1W07cM9gS6DcLperZfFSj+bWLtaPGSOHWhPiGzXmvVJbRLdG82sH/Kn8EtW1VqWVA54AKf2h5k5BbnIbwF3h6w==}

  buffer@5.7.1:
    resolution: {integrity: sha512-EHcyIPBQ4BSGlvjB16k5KgAJ27CIsHY/2JBmCRReo48y9rQ3MaUzWX3KVlBa4U7MyX02HdVj0K7C3WaB3ju7FQ==}

  canvas@3.2.3:
    resolution: {integrity: sha512-PzE5nJZPz72YUAfo8oTp0u3fqqY7IzlTubneAihqDYAUcBk7ryeCmBbdJBEdaH0bptSOe2VT2Zwcb3UaFyaSWw==}
    engines: {node: ^18.12.0 || >= 20.9.0}

  chart.js@4.5.1:
    resolution: {integrity: sha512-GIjfiT9dbmHRiYi6Nl2yFCq7kkwdkp1W/lp2J99rX0yo9tgJGn3lKQATztIjb5tVtevcBtIdICNWqlq5+E8/Pw==}
    engines: {pnpm: '>=8'}

  chartjs-node-canvas@5.0.0:
    resolution: {integrity: sha512-+Lc5phRWjb+UxAIiQpKgvOaG6Mw276YQx2jl2BrxoUtI3A4RYTZuGM5Dq+s4ReYmCY42WEPSR6viF3lDSTxpvw==}
    peerDependencies:
      chart.js: ^4.4.8

  chownr@1.1.4:
    resolution: {integrity: sha512-jJ0bqzaylmJtVnNgzTeSOs8DPavpbYgEr/b0YL8/2GO3xJEhInFmhKMUnEJQjZumK7KXGFhUy89PrsJWlakBVg==}

  decompress-response@6.0.0:
    resolution: {integrity: sha512-aW35yZM6Bb/4oJlZncMH2LCoZtJXTRxES17vE3hoRiowU2kWHaJKFkSBDnDR+cm9J+9QhXmREyIfv0pji9ejCQ==}
    engines: {node: '>=10'}

  deep-extend@0.6.0:
    resolution: {integrity: sha512-LOHxIOaPYdHlJRtCQfDIVZtfw/ufM8+rVj649RIHzcm/vGwQRXFt6OPqIFWsm2XEMrNIEtWR64sY1LEKD2vAOA==}
    engines: {node: '>=4.0.0'}

  detect-libc@2.1.2:
    resolution: {integrity: sha512-Btj2BOOO83o3WyH59e8MgXsxEQVcarkUOpEYrubB0urwnN10yQ364rsiByU11nZlqWYZm05i/of7io4mzihBtQ==}
    engines: {node: '>=8'}

  end-of-stream@1.4.5:
    resolution: {integrity: sha512-ooEGc6HP26xXq/N+GCGOT0JKCLDGrq2bQUZrQ7gyrJiZANJ/8YDTxTpQBXGMn+WbIQXNVpyWymm7KYVICQnyOg==}

  expand-template@2.0.3:
    resolution: {integrity: sha512-XYfuKMvj4O35f/pOXLObndIRvyQ+/+6AhODh+OKWj9S9498pHHn/IMszH+gt0fBCRWMNfk1ZSp5x3AifmnI2vg==}
    engines: {node: '>=6'}

  fs-constants@1.0.0:
    resolution: {integrity: sha512-y6OAwoSIf7FyjMIv94u+b5rdheZEjzR63GTyZJm5qh4Bi+2YgwLCcI/fPFZkL5PSixOt6ZNKm+w+Hfp/Bciwow==}

  github-from-package@0.0.0:
    resolution: {integrity: sha512-SyHy3T1v2NUXn29OsWdxmK6RwHD+vkj3v8en8AOBZ1wBQ/hCAQ5bAQTD02kW4W9tUp/3Qh6J8r9EvntiyCmOOw==}

  ieee754@1.2.1:
    resolution: {integrity: sha512-dcyqhDvX1C46lXZcVqCpK+FtMRQVdIMN6/Df5js2zouUsqG7I6sFxitIC+7KYK29KdXOLHdu9zL4sFnoVQnqaA==}

  inherits@2.0.4:
    resolution: {integrity: sha512-k/vGaX4/Yla3WzyMCvTQOXYeIHvqOKtnqBduzTHpzpQZzAskKMhZ2K+EnBiSM9zGSoIFeMpXKxa4dYeZIQqewQ==}

  ini@1.3.8:
    resolution: {integrity: sha512-JV/yugV2uzW5iMRSiZAyDtQd+nxtUnjeLt0acNdw98kKLrvuRVyB80tsREOE7yvGVgalhZ6RNXCmEHkUKBKxew==}

  mimic-response@3.1.0:
    resolution: {integrity: sha512-z0yWI+4FDrrweS8Zmt4Ej5HdJmky15+L2e6Wgn3+iK5fWzb6T3fhNFq2+MeTRb064c6Wr4N/wv0DzQTjNzHNGQ==}
    engines: {node: '>=10'}

  minimist@1.2.8:
    resolution: {integrity: sha512-2yyAR8qBkN3YuheJanUpWC5U3bb5osDywNB8RzDVlDwDHbocAJveqqj1u8+SVD7jkWT4yvsHCpWqqWqAxb0zCA==}

  mkdirp-classic@0.5.3:
    resolution: {integrity: sha512-gKLcREMhtuZRwRAfqP3RFW+TK4JqApVBtOIftVgjuABpAtpxhPGaDcfvbhNvD0B8iD1oUr/txX35NjcaY6Ns/A==}

  napi-build-utils@2.0.0:
    resolution: {integrity: sha512-GEbrYkbfF7MoNaoh2iGG84Mnf/WZfB0GdGEsM8wz7Expx/LlWf5U8t9nvJKXSp3qr5IsEbK04cBGhol/KwOsWA==}

  node-abi@3.94.0:
    resolution: {integrity: sha512-W5ZNO5KRPB5TkYmGVD9F6YqhsglXJzE6etpbmT+f6EQElhiX/UTG551cnsRGvLG3fyZEg9HwaDmNmj5nwJ4z9g==}
    engines: {node: '>=10'}

  node-addon-api@7.1.1:
    resolution: {integrity: sha512-5m3bsyrjFWE1xf7nz7YXdN4udnVtXK6/Yfgn5qnahL6bCkf2yKt4k3nuTKAtT4r3IG8JNR2ncsIMdZuAzJjHQQ==}

  once@1.4.0:
    resolution: {integrity: sha512-lNaJgI+2Q5URQBkccEKHTQOPaXdUxnZZElQTZY0MFUAuaEqe1E+Nyvgdz/aIyNi6Z9MzO5dv1H8n58/GELp3+w==}

  oxc-parser@0.144.0:
    resolution: {integrity: sha512-eacM4wMgGWXctHubY262yo+50E76qtQBqe+uK73YEV1IT3qP12Acbnf9Nc8t+agIAdnko9iVT4KF83/d0EjY5w==}
    engines: {node: ^20.19.0 || >=22.12.0}

  prebuild-install@7.1.3:
    resolution: {integrity: sha512-8Mf2cbV7x1cXPUILADGI3wuhfqWvtiLA1iclTDbFRZkgRQS0NqsPZphna9V+HyTEadheuPmjaJMsbzKQFOzLug==}
    engines: {node: '>=10'}
    deprecated: No longer maintained. Please contact the author of the relevant native addon; alternatives are available.
    hasBin: true

  pump@3.0.4:
    resolution: {integrity: sha512-VS7sjc6KR7e1ukRFhQSY5LM2uBWAUPiOPa/A3mkKmiMwSmRFUITt0xuj+/lesgnCv+dPIEYlkzrcyXgquIHMcA==}

  rc@1.2.8:
    resolution: {integrity: sha512-y3bGgqKj3QBdxLbLkomlohkvsA8gdAiUQlSBJnBhfn+BPxg4bc62d8TcBW15wavDfgexCgccckhcZvywyQYPOw==}
    hasBin: true

  readable-stream@3.6.2:
    resolution: {integrity: sha512-9u/sniCrY3D5WdsERHzHE4G2YCXqoG5FTHUiCC4SIbr6XcLZBY05ya9EKjYek9O5xOAwjGq+1JdGBAS7Q9ScoA==}
    engines: {node: '>= 6'}

  safe-buffer@5.2.1:
    resolution: {integrity: sha512-rp3So07KcdmmKbGvgaNxQSJr7bGVSVk5S9Eq1F+ppbRo70+YeaDxkw5Dd8NPN+GD6bjnYm2VuPuCXmpuYvmCXQ==}

  semver@7.8.5:
    resolution: {integrity: sha512-Y7/KDsb8LjooZpwaqGyulO6DQlksgCncchHGk+sZIY4SBvUocMBEFH5Ur1fI4dV+Jvl0w6cjvucaIi40puRioA==}
    engines: {node: '>=10'}
    hasBin: true

  simple-concat@1.0.1:
    resolution: {integrity: sha512-cSFtAPtRhljv69IK0hTVZQ+OfE9nePi/rtJmw5UjHeVyVroEqJXP1sFztKUy1qU+xvz3u/sfYJLa947b7nAN2Q==}

  simple-get@4.0.1:
    resolution: {integrity: sha512-brv7p5WgH0jmQJr1ZDDfKDOSeWWg+OVypG99A/5vYGPqJ6pxiaHLy8nxtFjBA7oMa01ebA9gfh1uMCFqOuXxvA==}

  string_decoder@1.3.0:
    resolution: {integrity: sha512-hkRX8U1WjJFd8LsDJ2yQ/wWWxaopEsABU1XfkM8A+j0+85JAGppt16cr1Whg6KIbb4okU6Mql6BOj+uup/wKeA==}

  strip-json-comments@2.0.1:
    resolution: {integrity: sha512-4gB8na07fecVVkOI6Rs4e7T6NOTki5EmL7TUduTs6bu3EdnSycntVJ4re8kgZA+wx9IueI2Y11bfbgwtzuE0KQ==}
    engines: {node: '>=0.10.0'}

  tar-fs@2.1.5:
    resolution: {integrity: sha512-OboTd8mmMhZDNPV+UjQcK9yKAatXu2aJ+r1w4im1Otd4M4fl2hwvdoXUxIYHFTHWK/3y3FarBP70v3vwmGlOxw==}

  tar-stream@2.2.0:
    resolution: {integrity: sha512-ujeqbceABgwMZxEJnk2HDY2DlnUZ+9oEcb1KzTVfYHio0UE6dG71n60d8D2I4qNvleWrrXpmjpt7vZeF1LnMZQ==}
    engines: {node: '>=6'}

  tinybench@6.1.2:
    resolution: {integrity: sha512-REdMxUreK3VSUeWcLd5+ijUGNKFyHT8s1trKmYEE/tlYE6ggdOkFOlKba/vI/l1fIqh/NTEEr1Cyw4AwttOicA==}
    engines: {node: '>=20.0.0'}

  tslib@2.8.1:
    resolution: {integrity: sha512-oJFu94HQb+KVduSUQL7wnpmqnfmLsOA/nAh6b6EH0wCEoK0/mPeXU6c3wKDV83MkOuHPRHtSXKKU99IBazS/2w==}

  tunnel-agent@0.6.0:
    resolution: {integrity: sha512-McnNiV1l8RYeY8tBgEpuodCC1mLUdbSN+CYBL7kJsJNInOP8UjDDEwdk6Mw60vdLLrr5NHKZhMAOSrR2NZuQ+w==}

  typescript@6.0.3:
    resolution: {integrity: sha512-y2TvuxSZPDyQakkFRPZHKFm+KKVqIisdg9/CZwm9ftvKXLP8NRWj38/ODjNbr43SsoXqNuAisEf1GdCxqWcdBw==}
    engines: {node: '>=14.17'}
    hasBin: true

  undici-types@8.3.0:
    resolution: {integrity: sha512-j375ScV60dom+YkPFIfTLcOiPxkN/buHz5GobjLhixFuANaNs3C9l4GmrWqejgXWJ7BbJcFYpTEUkS1Ge8bpZQ==}

  util-deprecate@1.0.2:
    resolution: {integrity: sha512-EPD5q1uXyFxJpCrLnCc1nHnq3gOa6DZBocAIiI2TaSCA7VCJ1UJDMagCzIkXNsUYfD1daK//LTEQ8xiIbrHtcw==}

  wrappy@1.0.2:
    resolution: {integrity: sha512-l4Sp/DRseor9wL6EvV2+TuQn63dMkPjZ/sp9XkghTEbV9KlPS1xUsZ3u7/IQO4wxtcFB4bgpQPRcR3QCvezPcQ==}

  yuku-ast@0.8.4:
    resolution: {integrity: sha512-s7EWfWIQkaGmsGnyr/BU0jli9YTN5TvrKIsSmALyRD9elumDQInuhv0BrVObENKVCxr9W3Ikmnx5u02KvfuUmw==}

  yuku-parser@0.8.3:
    resolution: {integrity: sha512-KPQcpF9aj77ywlJBIkQWCQ9DObdxnCA8AJdUOmA5CZZx042Xt4+dvbQmPJfWxF3E+KG5dVAZ2fBKuDJ8VsKWgA==}

snapshots:

  '@babel/helper-string-parser@8.0.0': {}

  '@babel/helper-validator-identifier@8.0.4': {}

  '@babel/parser@8.0.4':
    dependencies:
      '@babel/types': 8.0.4

  '@babel/types@8.0.4':
    dependencies:
      '@babel/helper-string-parser': 8.0.0
      '@babel/helper-validator-identifier': 8.0.4

  '@kurkle/color@0.3.4': {}

  '@oxc-parser/binding-android-arm-eabi@0.144.0':
    optional: true

  '@oxc-parser/binding-android-arm64@0.144.0':
    optional: true

  '@oxc-parser/binding-darwin-arm64@0.144.0':
    optional: true

  '@oxc-parser/binding-darwin-x64@0.144.0':
    optional: true

  '@oxc-parser/binding-freebsd-x64@0.144.0':
    optional: true

  '@oxc-parser/binding-linux-arm-gnueabihf@0.144.0':
    optional: true

  '@oxc-parser/binding-linux-arm-musleabihf@0.144.0':
    optional: true

  '@oxc-parser/binding-linux-arm64-gnu@0.144.0':
    optional: true

  '@oxc-parser/binding-linux-arm64-musl@0.144.0':
    optional: true

  '@oxc-parser/binding-linux-ppc64-gnu@0.144.0':
    optional: true

  '@oxc-parser/binding-linux-riscv64-gnu@0.144.0':
    optional: true

  '@oxc-parser/binding-linux-riscv64-musl@0.144.0':
    optional: true

  '@oxc-parser/binding-linux-s390x-gnu@0.144.0':
    optional: true

  '@oxc-parser/binding-linux-x64-gnu@0.144.0':
    optional: true

  '@oxc-parser/binding-linux-x64-musl@0.144.0':
    optional: true

  '@oxc-parser/binding-openharmony-arm64@0.144.0':
    optional: true

  '@oxc-parser/binding-win32-arm64-msvc@0.144.0':
    optional: true

  '@oxc-parser/binding-win32-ia32-msvc@0.144.0':
    optional: true

  '@oxc-parser/binding-win32-x64-msvc@0.144.0':
    optional: true

  '@oxc-project/types@0.144.0': {}

  '@swc/core-darwin-arm64@1.15.47':
    optional: true

  '@swc/core-darwin-x64@1.15.47':
    optional: true

  '@swc/core-linux-arm-gnueabihf@1.15.47':
    optional: true

  '@swc/core-linux-arm64-gnu@1.15.47':
    optional: true

  '@swc/core-linux-arm64-musl@1.15.47':
    optional: true

  '@swc/core-linux-ppc64-gnu@1.15.47':
    optional: true

  '@swc/core-linux-s390x-gnu@1.15.47':
    optional: true

  '@swc/core-linux-x64-gnu@1.15.47':
    optional: true

  '@swc/core-linux-x64-musl@1.15.47':
    optional: true

  '@swc/core-win32-arm64-msvc@1.15.47':
    optional: true

  '@swc/core-win32-ia32-msvc@1.15.47':
    optional: true

  '@swc/core-win32-x64-msvc@1.15.47':
    optional: true

  '@swc/core@1.15.47':
    dependencies:
      '@swc/counter': 0.1.3
      '@swc/types': 0.1.28
    optionalDependencies:
      '@swc/core-darwin-arm64': 1.15.47
      '@swc/core-darwin-x64': 1.15.47
      '@swc/core-linux-arm-gnueabihf': 1.15.47
      '@swc/core-linux-arm64-gnu': 1.15.47
      '@swc/core-linux-arm64-musl': 1.15.47
      '@swc/core-linux-ppc64-gnu': 1.15.47
      '@swc/core-linux-s390x-gnu': 1.15.47
      '@swc/core-linux-x64-gnu': 1.15.47
      '@swc/core-linux-x64-musl': 1.15.47
      '@swc/core-win32-arm64-msvc': 1.15.47
      '@swc/core-win32-ia32-msvc': 1.15.47
      '@swc/core-win32-x64-msvc': 1.15.47

  '@swc/counter@0.1.3': {}

  '@swc/types@0.1.28':
    dependencies:
      '@swc/counter': 0.1.3

  '@types/node@26.1.1':
    dependencies:
      undici-types: 8.3.0

  '@typescript/native-preview-darwin-arm64@7.0.0-dev.20260707.2':
    optional: true

  '@typescript/native-preview-darwin-x64@7.0.0-dev.20260707.2':
    optional: true

  '@typescript/native-preview-linux-arm64@7.0.0-dev.20260707.2':
    optional: true

  '@typescript/native-preview-linux-arm@7.0.0-dev.20260707.2':
    optional: true

  '@typescript/native-preview-linux-x64@7.0.0-dev.20260707.2':
    optional: true

  '@typescript/native-preview-win32-arm64@7.0.0-dev.20260707.2':
    optional: true

  '@typescript/native-preview-win32-x64@7.0.0-dev.20260707.2':
    optional: true

  '@typescript/native-preview@7.0.0-dev.20260707.2':
    optionalDependencies:
      '@typescript/native-preview-darwin-arm64': 7.0.0-dev.20260707.2
      '@typescript/native-preview-darwin-x64': 7.0.0-dev.20260707.2
      '@typescript/native-preview-linux-arm': 7.0.0-dev.20260707.2
      '@typescript/native-preview-linux-arm64': 7.0.0-dev.20260707.2
      '@typescript/native-preview-linux-x64': 7.0.0-dev.20260707.2
      '@typescript/native-preview-win32-arm64': 7.0.0-dev.20260707.2
      '@typescript/native-preview-win32-x64': 7.0.0-dev.20260707.2

  '@yuku-parser/binding-android-arm64@0.8.3':
    optional: true

  '@yuku-parser/binding-darwin-arm64@0.8.3':
    optional: true

  '@yuku-parser/binding-darwin-x64@0.8.3':
    optional: true

  '@yuku-parser/binding-freebsd-x64@0.8.3':
    optional: true

  '@yuku-parser/binding-linux-arm-gnu@0.8.3':
    optional: true

  '@yuku-parser/binding-linux-arm-musl@0.8.3':
    optional: true

  '@yuku-parser/binding-linux-arm64-gnu@0.8.3':
    optional: true

  '@yuku-parser/binding-linux-arm64-musl@0.8.3':
    optional: true

  '@yuku-parser/binding-linux-x64-gnu@0.8.3':
    optional: true

  '@yuku-parser/binding-linux-x64-musl@0.8.3':
    optional: true

  '@yuku-parser/binding-win32-arm64@0.8.3':
    optional: true

  '@yuku-parser/binding-win32-x64@0.8.3':
    optional: true

  '@yuku-toolchain/types@0.8.4': {}

  acorn@8.18.0: {}

  base64-js@1.5.1: {}

  bl@4.1.0:
    dependencies:
      buffer: 5.7.1
      inherits: 2.0.4
      readable-stream: 3.6.2

  buffer@5.7.1:
    dependencies:
      base64-js: 1.5.1
      ieee754: 1.2.1

  canvas@3.2.3:
    dependencies:
      node-addon-api: 7.1.1
      prebuild-install: 7.1.3

  chart.js@4.5.1:
    dependencies:
      '@kurkle/color': 0.3.4

  chartjs-node-canvas@5.0.0(chart.js@4.5.1):
    dependencies:
      canvas: 3.2.3
      chart.js: 4.5.1
      tslib: 2.8.1

  chownr@1.1.4: {}

  decompress-response@6.0.0:
    dependencies:
      mimic-response: 3.1.0

  deep-extend@0.6.0: {}

  detect-libc@2.1.2: {}

  end-of-stream@1.4.5:
    dependencies:
      once: 1.4.0

  expand-template@2.0.3: {}

  fs-constants@1.0.0: {}

  github-from-package@0.0.0: {}

  ieee754@1.2.1: {}

  inherits@2.0.4: {}

  ini@1.3.8: {}

  mimic-response@3.1.0: {}

  minimist@1.2.8: {}

  mkdirp-classic@0.5.3: {}

  napi-build-utils@2.0.0: {}

  node-abi@3.94.0:
    dependencies:
      semver: 7.8.5

  node-addon-api@7.1.1: {}

  once@1.4.0:
    dependencies:
      wrappy: 1.0.2

  oxc-parser@0.144.0:
    dependencies:
      '@oxc-project/types': 0.144.0
    optionalDependencies:
      '@oxc-parser/binding-android-arm-eabi': 0.144.0
      '@oxc-parser/binding-android-arm64': 0.144.0
      '@oxc-parser/binding-darwin-arm64': 0.144.0
      '@oxc-parser/binding-darwin-x64': 0.144.0
      '@oxc-parser/binding-freebsd-x64': 0.144.0
      '@oxc-parser/binding-linux-arm-gnueabihf': 0.144.0
      '@oxc-parser/binding-linux-arm-musleabihf': 0.144.0
      '@oxc-parser/binding-linux-arm64-gnu': 0.144.0
      '@oxc-parser/binding-linux-arm64-musl': 0.144.0
      '@oxc-parser/binding-linux-ppc64-gnu': 0.144.0
      '@oxc-parser/binding-linux-riscv64-gnu': 0.144.0
      '@oxc-parser/binding-linux-riscv64-musl': 0.144.0
      '@oxc-parser/binding-linux-s390x-gnu': 0.144.0
      '@oxc-parser/binding-linux-x64-gnu': 0.144.0
      '@oxc-parser/binding-linux-x64-musl': 0.144.0
      '@oxc-parser/binding-openharmony-arm64': 0.144.0
      '@oxc-parser/binding-win32-arm64-msvc': 0.144.0
      '@oxc-parser/binding-win32-ia32-msvc': 0.144.0
      '@oxc-parser/binding-win32-x64-msvc': 0.144.0

  prebuild-install@7.1.3:
    dependencies:
      detect-libc: 2.1.2
      expand-template: 2.0.3
      github-from-package: 0.0.0
      minimist: 1.2.8
      mkdirp-classic: 0.5.3
      napi-build-utils: 2.0.0
      node-abi: 3.94.0
      pump: 3.0.4
      rc: 1.2.8
      simple-get: 4.0.1
      tar-fs: 2.1.5
      tunnel-agent: 0.6.0

  pump@3.0.4:
    dependencies:
      end-of-stream: 1.4.5
      once: 1.4.0

  rc@1.2.8:
    dependencies:
      deep-extend: 0.6.0
      ini: 1.3.8
      minimist: 1.2.8
      strip-json-comments: 2.0.1

  readable-stream@3.6.2:
    dependencies:
      inherits: 2.0.4
      string_decoder: 1.3.0
      util-deprecate: 1.0.2

  safe-buffer@5.2.1: {}

  semver@7.8.5: {}

  simple-concat@1.0.1: {}

  simple-get@4.0.1:
    dependencies:
      decompress-response: 6.0.0
      once: 1.4.0
      simple-concat: 1.0.1

  string_decoder@1.3.0:
    dependencies:
      safe-buffer: 5.2.1

  strip-json-comments@2.0.1: {}

  tar-fs@2.1.5:
    dependencies:
      chownr: 1.1.4
      mkdirp-classic: 0.5.3
      pump: 3.0.4
      tar-stream: 2.2.0

  tar-stream@2.2.0:
    dependencies:
      bl: 4.1.0
      end-of-stream: 1.4.5
      fs-constants: 1.0.0
      inherits: 2.0.4
      readable-stream: 3.6.2

  tinybench@6.1.2: {}

  tslib@2.8.1: {}

  tunnel-agent@0.6.0:
    dependencies:
      safe-buffer: 5.2.1

  typescript@6.0.3: {}

  undici-types@8.3.0: {}

  util-deprecate@1.0.2: {}

  wrappy@1.0.2: {}

  yuku-ast@0.8.4:
    dependencies:
      '@yuku-toolchain/types': 0.8.4

  yuku-parser@0.8.3:
    dependencies:
      '@yuku-toolchain/types': 0.8.4
      yuku-ast: 0.8.4
    optionalDependencies:
      '@yuku-parser/binding-android-arm64': 0.8.3
      '@yuku-parser/binding-darwin-arm64': 0.8.3
      '@yuku-parser/binding-darwin-x64': 0.8.3
      '@yuku-parser/binding-freebsd-x64': 0.8.3
      '@yuku-parser/binding-linux-arm-gnu': 0.8.3
      '@yuku-parser/binding-linux-arm-musl': 0.8.3
      '@yuku-parser/binding-linux-arm64-gnu': 0.8.3
      '@yuku-parser/binding-linux-arm64-musl': 0.8.3
      '@yuku-parser/binding-linux-x64-gnu': 0.8.3
      '@yuku-parser/binding-linux-x64-musl': 0.8.3
      '@yuku-parser/binding-win32-arm64': 0.8.3
      '@yuku-parser/binding-win32-x64': 0.8.3
